// !$*UTF8*$!
{
	archiveVersion = 1;
	classes = {
	};
	objectVersion = 46;
	objects = {

/* Begin PBXBuildFile section */
		4042907D7B104E208300D61A /* libPods.a in Frameworks */ = {isa = PBXBuildFile; fileRef = F75ADC2FB88145EC90EC652D /* libPods.a */; };
		4A00B5AF192EF1F2004C25C0 /* AIFAPIProxy.m in Sources */ = {isa = PBXBuildFile; fileRef = 4A00B5AE192EF1F2004C25C0 /* AIFAPIProxy.m */; };
		4A05167D1928FAF20025C4E1 /* AIFCityListManager.m in Sources */ = {isa = PBXBuildFile; fileRef = 4A0516771928FAF10025C4E1 /* AIFCityListManager.m */; };
		4A05167E1928FAF20025C4E1 /* AIFLocationManager.m in Sources */ = {isa = PBXBuildFile; fileRef = 4A0516791928FAF10025C4E1 /* AIFLocationManager.m */; };
		4A05167F1928FAF20025C4E1 /* AIFPlistManager.m in Sources */ = {isa = PBXBuildFile; fileRef = 4A05167C1928FAF20025C4E1 /* AIFPlistManager.m */; };
		4A0516821928FB5C0025C4E1 /* RTAPIBaseManager.m in Sources */ = {isa = PBXBuildFile; fileRef = 4A0516811928FB5C0025C4E1 /* RTAPIBaseManager.m */; };
		4A165E00192A045D00CCC80F /* AIFLoggerConfiguration.m in Sources */ = {isa = PBXBuildFile; fileRef = 4A165DFD192A045D00CCC80F /* AIFLoggerConfiguration.m */; };
		4A165E01192A045D00CCC80F /* AIFLogger.m in Sources */ = {isa = PBXBuildFile; fileRef = 4A165DFF192A045D00CCC80F /* AIFLogger.m */; };
		4A54102C1918D7D90070C64C /* AIFCommonParamsGenerator.m in Sources */ = {isa = PBXBuildFile; fileRef = 4A54102B1918D7D90070C64C /* AIFCommonParamsGenerator.m */; };
		4A54102F1918D94C0070C64C /* NSDictionary+AXNetworkingMethods.m in Sources */ = {isa = PBXBuildFile; fileRef = 4A54102E1918D94C0070C64C /* NSDictionary+AXNetworkingMethods.m */; };
		4A5410321918E02E0070C64C /* NSObject+AXNetworkingMethods.m in Sources */ = {isa = PBXBuildFile; fileRef = 4A5410311918E02E0070C64C /* NSObject+AXNetworkingMethods.m */; };
		4A5410391918E38E0070C64C /* AIFAPPContext.m in Sources */ = {isa = PBXBuildFile; fileRef = 4A5410381918E38E0070C64C /* AIFAPPContext.m */; };
		4A5AE55E1921AFF700E5DDAC /* AIFSignatureGenerator.m in Sources */ = {isa = PBXBuildFile; fileRef = 4A5AE55D1921AFF700E5DDAC /* AIFSignatureGenerator.m */; };
		4A5AE5631923075300E5DDAC /* AIFRequestGenerator.m in Sources */ = {isa = PBXBuildFile; fileRef = 4A5AE5621923075300E5DDAC /* AIFRequestGenerator.m */; };
		4A5AE56619244C1500E5DDAC /* AIFService.m in Sources */ = {isa = PBXBuildFile; fileRef = 4A5AE56519244C1500E5DDAC /* AIFService.m */; };
		4A6904C7191903BE00BA4622 /* UIDevice+IdentifierAddition.m in Sources */ = {isa = PBXBuildFile; fileRef = 4A6904C5191903BE00BA4622 /* UIDevice+IdentifierAddition.m */; };
		4A6904CA191903DF00BA4622 /* NSString+AXNetworkingMethods.m in Sources */ = {isa = PBXBuildFile; fileRef = 4A6904C9191903DF00BA4622 /* NSString+AXNetworkingMethods.m */; };
		4A95FC29193199BF0038C622 /* AIFServiceGoogleMapDirections.m in Sources */ = {isa = PBXBuildFile; fileRef = 4A95FC28193199BF0038C622 /* AIFServiceGoogleMapDirections.m */; };
		4A95FC2B1931A2D20038C622 /* MapKit.framework in Frameworks */ = {isa = PBXBuildFile; fileRef = 4A95FC2A1931A2D20038C622 /* MapKit.framework */; };
		4A95FC2E1931A57D0038C622 /* UIView+HandyConstraints.m in Sources */ = {isa = PBXBuildFile; fileRef = 4A95FC2D1931A57D0038C622 /* UIView+HandyConstraints.m */; };
		4AA8397D1928D56F0085CB3F /* AIFURLResponse.m in Sources */ = {isa = PBXBuildFile; fileRef = 4AA8397C1928D56F0085CB3F /* AIFURLResponse.m */; };
		4AB27CBD1927B11600C7ADFA /* NSMutableString+AXNetworkingMethods.m in Sources */ = {isa = PBXBuildFile; fileRef = 4AB27CBC1927B11600C7ADFA /* NSMutableString+AXNetworkingMethods.m */; };
		4ABAA3561932EDB5007C99EC /* AIFCachedObject.m in Sources */ = {isa = PBXBuildFile; fileRef = 4ABAA3551932EDB5007C99EC /* AIFCachedObject.m */; };
		4ABAA3591932EDEA007C99EC /* AIFCache.m in Sources */ = {isa = PBXBuildFile; fileRef = 4ABAA3581932EDEA007C99EC /* AIFCache.m */; };
		4ABAA35C19330E0E007C99EC /* NSURLRequest+AIFNetworkingMethods.m in Sources */ = {isa = PBXBuildFile; fileRef = 4ABAA35B19330E0E007C99EC /* NSURLRequest+AIFNetworkingMethods.m */; };
		4AD829DD1918B581001A90DF /* Foundation.framework in Frameworks */ = {isa = PBXBuildFile; fileRef = 4AD829DC1918B581001A90DF /* Foundation.framework */; };
		4AD829DF1918B581001A90DF /* CoreGraphics.framework in Frameworks */ = {isa = PBXBuildFile; fileRef = 4AD829DE1918B581001A90DF /* CoreGraphics.framework */; };
		4AD829E11918B581001A90DF /* UIKit.framework in Frameworks */ = {isa = PBXBuildFile; fileRef = 4AD829E01918B581001A90DF /* UIKit.framework */; };
		4AD829E71918B581001A90DF /* InfoPlist.strings in Resources */ = {isa = PBXBuildFile; fileRef = 4AD829E51918B581001A90DF /* InfoPlist.strings */; };
		4AD829E91918B581001A90DF /* main.m in Sources */ = {isa = PBXBuildFile; fileRef = 4AD829E81918B581001A90DF /* main.m */; };
		4AD829ED1918B581001A90DF /* AppDelegate.m in Sources */ = {isa = PBXBuildFile; fileRef = 4AD829EC1918B581001A90DF /* AppDelegate.m */; };
		4AD829F01918B581001A90DF /* Main.storyboard in Resources */ = {isa = PBXBuildFile; fileRef = 4AD829EE1918B581001A90DF /* Main.storyboard */; };
		4AD829F31918B581001A90DF /* ViewController.m in Sources */ = {isa = PBXBuildFile; fileRef = 4AD829F21918B581001A90DF /* ViewController.m */; };
		4AD829F51918B581001A90DF /* Images.xcassets in Resources */ = {isa = PBXBuildFile; fileRef = 4AD829F41918B581001A90DF /* Images.xcassets */; };
		4AD829FC1918B581001A90DF /* XCTest.framework in Frameworks */ = {isa = PBXBuildFile; fileRef = 4AD829FB1918B581001A90DF /* XCTest.framework */; };
		4AD829FD1918B581001A90DF /* Foundation.framework in Frameworks */ = {isa = PBXBuildFile; fileRef = 4AD829DC1918B581001A90DF /* Foundation.framework */; };
		4AD829FE1918B581001A90DF /* UIKit.framework in Frameworks */ = {isa = PBXBuildFile; fileRef = 4AD829E01918B581001A90DF /* UIKit.framework */; };
		4AD82A061918B581001A90DF /* InfoPlist.strings in Resources */ = {isa = PBXBuildFile; fileRef = 4AD82A041918B581001A90DF /* InfoPlist.strings */; };
		4AD82A081918B581001A90DF /* RTNetworkingTests.m in Sources */ = {isa = PBXBuildFile; fileRef = 4AD82A071918B581001A90DF /* RTNetworkingTests.m */; };
		4ADC85AB192086AF00217C4B /* AIFServiceFactory.m in Sources */ = {isa = PBXBuildFile; fileRef = 4ADC85AA192086AF00217C4B /* AIFServiceFactory.m */; };
		4AF9117C19226AD300310140 /* NSArray+AXNetworkingMethods.m in Sources */ = {isa = PBXBuildFile; fileRef = 4AF9117B19226AD300310140 /* NSArray+AXNetworkingMethods.m */; };
		4AF9117F19226E0D00310140 /* AIFUDIDGenerator.m in Sources */ = {isa = PBXBuildFile; fileRef = 4AF9117E19226E0D00310140 /* AIFUDIDGenerator.m */; };
/* End PBXBuildFile section */

/* Begin PBXContainerItemProxy section */
		4AD829FF1918B581001A90DF /* PBXContainerItemProxy */ = {
			isa = PBXContainerItemProxy;
			containerPortal = 4AD829D11918B581001A90DF /* Project object */;
			proxyType = 1;
			remoteGlobalIDString = 4AD829D81918B581001A90DF;
			remoteInfo = RTNetworking;
		};
/* End PBXContainerItemProxy section */

/* Begin PBXFileReference section */
		4A00B5AD192EF1F2004C25C0 /* AIFAPIProxy.h */ = {isa = PBXFileReference; fileEncoding = 4; lastKnownFileType = sourcecode.c.h; path = AIFAPIProxy.h; sourceTree = "<group>"; };
		4A00B5AE192EF1F2004C25C0 /* AIFAPIProxy.m */ = {isa = PBXFileReference; fileEncoding = 4; lastKnownFileType = sourcecode.c.objc; path = AIFAPIProxy.m; sourceTree = "<group>"; };
		4A0516761928FAF10025C4E1 /* AIFCityListManager.h */ = {isa = PBXFileReference; fileEncoding = 4; lastKnownFileType = sourcecode.c.h; path = AIFCityListManager.h; sourceTree = "<group>"; };
		4A0516771928FAF10025C4E1 /* AIFCityListManager.m */ = {isa = PBXFileReference; fileEncoding = 4; lastKnownFileType = sourcecode.c.objc; path = AIFCityListManager.m; sourceTree = "<group>"; };
		4A0516781928FAF10025C4E1 /* AIFLocationManager.h */ = {isa = PBXFileReference; fileEncoding = 4; lastKnownFileType = sourcecode.c.h; path = AIFLocationManager.h; sourceTree = "<group>"; };
		4A0516791928FAF10025C4E1 /* AIFLocationManager.m */ = {isa = PBXFileReference; fileEncoding = 4; lastKnownFileType = sourcecode.c.objc; path = AIFLocationManager.m; sourceTree = "<group>"; };
		4A05167B1928FAF10025C4E1 /* AIFPlistManager.h */ = {isa = PBXFileReference; fileEncoding = 4; lastKnownFileType = sourcecode.c.h; path = AIFPlistManager.h; sourceTree = "<group>"; };
		4A05167C1928FAF20025C4E1 /* AIFPlistManager.m */ = {isa = PBXFileReference; fileEncoding = 4; lastKnownFileType = sourcecode.c.objc; path = AIFPlistManager.m; sourceTree = "<group>"; };
		4A0516801928FB5C0025C4E1 /* RTAPIBaseManager.h */ = {isa = PBXFileReference; fileEncoding = 4; lastKnownFileType = sourcecode.c.h; path = RTAPIBaseManager.h; sourceTree = "<group>"; };
		4A0516811928FB5C0025C4E1 /* RTAPIBaseManager.m */ = {isa = PBXFileReference; fileEncoding = 4; lastKnownFileType = sourcecode.c.objc; path = RTAPIBaseManager.m; sourceTree = "<group>"; };
		4A165DFC192A045D00CCC80F /* AIFLoggerConfiguration.h */ = {isa = PBXFileReference; fileEncoding = 4; lastKnownFileType = sourcecode.c.h; path = AIFLoggerConfiguration.h; sourceTree = "<group>"; };
		4A165DFD192A045D00CCC80F /* AIFLoggerConfiguration.m */ = {isa = PBXFileReference; fileEncoding = 4; lastKnownFileType = sourcecode.c.objc; path = AIFLoggerConfiguration.m; sourceTree = "<group>"; };
		4A165DFE192A045D00CCC80F /* AIFLogger.h */ = {isa = PBXFileReference; fileEncoding = 4; lastKnownFileType = sourcecode.c.h; path = AIFLogger.h; sourceTree = "<group>"; };
		4A165DFF192A045D00CCC80F /* AIFLogger.m */ = {isa = PBXFileReference; fileEncoding = 4; lastKnownFileType = sourcecode.c.objc; path = AIFLogger.m; sourceTree = "<group>"; };
		4A5410241918CDC30070C64C /* AIFNetworking.h */ = {isa = PBXFileReference; lastKnownFileType = sourcecode.c.h; path = AIFNetworking.h; sourceTree = "<group>"; };
		4A54102A1918D7D90070C64C /* AIFCommonParamsGenerator.h */ = {isa = PBXFileReference; fileEncoding = 4; lastKnownFileType = sourcecode.c.h; path = AIFCommonParamsGenerator.h; sourceTree = "<group>"; };
		4A54102B1918D7D90070C64C /* AIFCommonParamsGenerator.m */ = {isa = PBXFileReference; fileEncoding = 4; lastKnownFileType = sourcecode.c.objc; path = AIFCommonParamsGenerator.m; sourceTree = "<group>"; };
		4A54102D1918D94C0070C64C /* NSDictionary+AXNetworkingMethods.h */ = {isa = PBXFileReference; fileEncoding = 4; lastKnownFileType = sourcecode.c.h; path = "NSDictionary+AXNetworkingMethods.h"; sourceTree = "<group>"; };
		4A54102E1918D94C0070C64C /* NSDictionary+AXNetworkingMethods.m */ = {isa = PBXFileReference; fileEncoding = 4; lastKnownFileType = sourcecode.c.objc; path = "NSDictionary+AXNetworkingMethods.m"; sourceTree = "<group>"; };
		4A5410301918E02E0070C64C /* NSObject+AXNetworkingMethods.h */ = {isa = PBXFileReference; fileEncoding = 4; lastKnownFileType = sourcecode.c.h; path = "NSObject+AXNetworkingMethods.h"; sourceTree = "<group>"; };
		4A5410311918E02E0070C64C /* NSObject+AXNetworkingMethods.m */ = {isa = PBXFileReference; fileEncoding = 4; lastKnownFileType = sourcecode.c.objc; path = "NSObject+AXNetworkingMethods.m"; sourceTree = "<group>"; };
		4A5410371918E38E0070C64C /* AIFAPPContext.h */ = {isa = PBXFileReference; fileEncoding = 4; lastKnownFileType = sourcecode.c.h; path = AIFAPPContext.h; sourceTree = "<group>"; };
		4A5410381918E38E0070C64C /* AIFAPPContext.m */ = {isa = PBXFileReference; fileEncoding = 4; lastKnownFileType = sourcecode.c.objc; path = AIFAPPContext.m; sourceTree = "<group>"; };
		4A5AE55C1921AFF700E5DDAC /* AIFSignatureGenerator.h */ = {isa = PBXFileReference; fileEncoding = 4; lastKnownFileType = sourcecode.c.h; path = AIFSignatureGenerator.h; sourceTree = "<group>"; };
		4A5AE55D1921AFF700E5DDAC /* AIFSignatureGenerator.m */ = {isa = PBXFileReference; fileEncoding = 4; lastKnownFileType = sourcecode.c.objc; path = AIFSignatureGenerator.m; sourceTree = "<group>"; };
		4A5AE5601921CDA000E5DDAC /* AIFNetworkingConfiguration.h */ = {isa = PBXFileReference; lastKnownFileType = sourcecode.c.h; path = AIFNetworkingConfiguration.h; sourceTree = "<group>"; };
		4A5AE5611923075300E5DDAC /* AIFRequestGenerator.h */ = {isa = PBXFileReference; fileEncoding = 4; lastKnownFileType = sourcecode.c.h; path = AIFRequestGenerator.h; sourceTree = "<group>"; };
		4A5AE5621923075300E5DDAC /* AIFRequestGenerator.m */ = {isa = PBXFileReference; fileEncoding = 4; lastKnownFileType = sourcecode.c.objc; path = AIFRequestGenerator.m; sourceTree = "<group>"; };
		4A5AE56419244C1500E5DDAC /* AIFService.h */ = {isa = PBXFileReference; fileEncoding = 4; lastKnownFileType = sourcecode.c.h; path = AIFService.h; sourceTree = "<group>"; };
		4A5AE56519244C1500E5DDAC /* AIFService.m */ = {isa = PBXFileReference; fileEncoding = 4; lastKnownFileType = sourcecode.c.objc; path = AIFService.m; sourceTree = "<group>"; };
		4A6904C5191903BE00BA4622 /* UIDevice+IdentifierAddition.m */ = {isa = PBXFileReference; fileEncoding = 4; lastKnownFileType = sourcecode.c.objc; path = "UIDevice+IdentifierAddition.m"; sourceTree = "<group>"; };
		4A6904C6191903BE00BA4622 /* UIDevice+IdentifierAddition.h */ = {isa = PBXFileReference; fileEncoding = 4; lastKnownFileType = sourcecode.c.h; path = "UIDevice+IdentifierAddition.h"; sourceTree = "<group>"; };
		4A6904C8191903DF00BA4622 /* NSString+AXNetworkingMethods.h */ = {isa = PBXFileReference; fileEncoding = 4; lastKnownFileType = sourcecode.c.h; path = "NSString+AXNetworkingMethods.h"; sourceTree = "<group>"; };
		4A6904C9191903DF00BA4622 /* NSString+AXNetworkingMethods.m */ = {isa = PBXFileReference; fileEncoding = 4; lastKnownFileType = sourcecode.c.objc; path = "NSString+AXNetworkingMethods.m"; sourceTree = "<group>"; };
		4A95FC27193199BF0038C622 /* AIFServiceGoogleMapDirections.h */ = {isa = PBXFileReference; fileEncoding = 4; lastKnownFileType = sourcecode.c.h; path = AIFServiceGoogleMapDirections.h; sourceTree = "<group>"; };
		4A95FC28193199BF0038C622 /* AIFServiceGoogleMapDirections.m */ = {isa = PBXFileReference; fileEncoding = 4; lastKnownFileType = sourcecode.c.objc; path = AIFServiceGoogleMapDirections.m; sourceTree = "<group>"; };
		4A95FC2A1931A2D20038C622 /* MapKit.framework */ = {isa = PBXFileReference; lastKnownFileType = wrapper.framework; name = MapKit.framework; path = System/Library/Frameworks/MapKit.framework; sourceTree = SDKROOT; };
		4A95FC2C1931A57D0038C622 /* UIView+HandyConstraints.h */ = {isa = PBXFileReference; fileEncoding = 4; lastKnownFileType = sourcecode.c.h; path = "UIView+HandyConstraints.h"; sourceTree = "<group>"; };
		4A95FC2D1931A57D0038C622 /* UIView+HandyConstraints.m */ = {isa = PBXFileReference; fileEncoding = 4; lastKnownFileType = sourcecode.c.objc; path = "UIView+HandyConstraints.m"; sourceTree = "<group>"; };
		4AA8397B1928D56F0085CB3F /* AIFURLResponse.h */ = {isa = PBXFileReference; fileEncoding = 4; lastKnownFileType = sourcecode.c.h; path = AIFURLResponse.h; sourceTree = "<group>"; };
		4AA8397C1928D56F0085CB3F /* AIFURLResponse.m */ = {isa = PBXFileReference; fileEncoding = 4; lastKnownFileType = sourcecode.c.objc; path = AIFURLResponse.m; sourceTree = "<group>"; };
		4AB27CBB1927B11600C7ADFA /* NSMutableString+AXNetworkingMethods.h */ = {isa = PBXFileReference; fileEncoding = 4; lastKnownFileType = sourcecode.c.h; path = "NSMutableString+AXNetworkingMethods.h"; sourceTree = "<group>"; };
		4AB27CBC1927B11600C7ADFA /* NSMutableString+AXNetworkingMethods.m */ = {isa = PBXFileReference; fileEncoding = 4; lastKnownFileType = sourcecode.c.objc; path = "NSMutableString+AXNetworkingMethods.m"; sourceTree = "<group>"; };
		4ABAA3541932EDB5007C99EC /* AIFCachedObject.h */ = {isa = PBXFileReference; fileEncoding = 4; lastKnownFileType = sourcecode.c.h; path = AIFCachedObject.h; sourceTree = "<group>"; };
		4ABAA3551932EDB5007C99EC /* AIFCachedObject.m */ = {isa = PBXFileReference; fileEncoding = 4; lastKnownFileType = sourcecode.c.objc; path = AIFCachedObject.m; sourceTree = "<group>"; };
		4ABAA3571932EDEA007C99EC /* AIFCache.h */ = {isa = PBXFileReference; fileEncoding = 4; lastKnownFileType = sourcecode.c.h; path = AIFCache.h; sourceTree = "<group>"; };
		4ABAA3581932EDEA007C99EC /* AIFCache.m */ = {isa = PBXFileReference; fileEncoding = 4; lastKnownFileType = sourcecode.c.objc; path = AIFCache.m; sourceTree = "<group>"; };
		4ABAA35A19330E0E007C99EC /* NSURLRequest+AIFNetworkingMethods.h */ = {isa = PBXFileReference; fileEncoding = 4; lastKnownFileType = sourcecode.c.h; path = "NSURLRequest+AIFNetworkingMethods.h"; sourceTree = "<group>"; };
		4ABAA35B19330E0E007C99EC /* NSURLRequest+AIFNetworkingMethods.m */ = {isa = PBXFileReference; fileEncoding = 4; lastKnownFileType = sourcecode.c.objc; path = "NSURLRequest+AIFNetworkingMethods.m"; sourceTree = "<group>"; };
		4AD829D91918B581001A90DF /* RTNetworking.app */ = {isa = PBXFileReference; explicitFileType = wrapper.application; includeInIndex = 0; path = RTNetworking.app; sourceTree = BUILT_PRODUCTS_DIR; };
		4AD829DC1918B581001A90DF /* Foundation.framework */ = {isa = PBXFileReference; lastKnownFileType = wrapper.framework; name = Foundation.framework; path = System/Library/Frameworks/Foundation.framework; sourceTree = SDKROOT; };
		4AD829DE1918B581001A90DF /* CoreGraphics.framework */ = {isa = PBXFileReference; lastKnownFileType = wrapper.framework; name = CoreGraphics.framework; path = System/Library/Frameworks/CoreGraphics.framework; sourceTree = SDKROOT; };
		4AD829E01918B581001A90DF /* UIKit.framework */ = {isa = PBXFileReference; lastKnownFileType = wrapper.framework; name = UIKit.framework; path = System/Library/Frameworks/UIKit.framework; sourceTree = SDKROOT; };
		4AD829E41918B581001A90DF /* RTNetworking-Info.plist */ = {isa = PBXFileReference; lastKnownFileType = text.plist.xml; path = "RTNetworking-Info.plist"; sourceTree = "<group>"; };
		4AD829E61918B581001A90DF /* en */ = {isa = PBXFileReference; lastKnownFileType = text.plist.strings; name = en; path = en.lproj/InfoPlist.strings; sourceTree = "<group>"; };
		4AD829E81918B581001A90DF /* main.m */ = {isa = PBXFileReference; lastKnownFileType = sourcecode.c.objc; path = main.m; sourceTree = "<group>"; };
		4AD829EA1918B581001A90DF /* RTNetworking-Prefix.pch */ = {isa = PBXFileReference; lastKnownFileType = sourcecode.c.h; path = "RTNetworking-Prefix.pch"; sourceTree = "<group>"; };
		4AD829EB1918B581001A90DF /* AppDelegate.h */ = {isa = PBXFileReference; lastKnownFileType = sourcecode.c.h; path = AppDelegate.h; sourceTree = "<group>"; };
		4AD829EC1918B581001A90DF /* AppDelegate.m */ = {isa = PBXFileReference; lastKnownFileType = sourcecode.c.objc; path = AppDelegate.m; sourceTree = "<group>"; };
		4AD829EF1918B581001A90DF /* Base */ = {isa = PBXFileReference; lastKnownFileType = file.storyboard; name = Base; path = Base.lproj/Main.storyboard; sourceTree = "<group>"; };
		4AD829F11918B581001A90DF /* ViewController.h */ = {isa = PBXFileReference; lastKnownFileType = sourcecode.c.h; path = ViewController.h; sourceTree = "<group>"; };
		4AD829F21918B581001A90DF /* ViewController.m */ = {isa = PBXFileReference; lastKnownFileType = sourcecode.c.objc; path = ViewController.m; sourceTree = "<group>"; };
		4AD829F41918B581001A90DF /* Images.xcassets */ = {isa = PBXFileReference; lastKnownFileType = folder.assetcatalog; path = Images.xcassets; sourceTree = "<group>"; };
		4AD829FA1918B581001A90DF /* RTNetworkingTests.xctest */ = {isa = PBXFileReference; explicitFileType = wrapper.cfbundle; includeInIndex = 0; path = RTNetworkingTests.xctest; sourceTree = BUILT_PRODUCTS_DIR; };
		4AD829FB1918B581001A90DF /* XCTest.framework */ = {isa = PBXFileReference; lastKnownFileType = wrapper.framework; name = XCTest.framework; path = Library/Frameworks/XCTest.framework; sourceTree = DEVELOPER_DIR; };
		4AD82A031918B581001A90DF /* RTNetworkingTests-Info.plist */ = {isa = PBXFileReference; lastKnownFileType = text.plist.xml; path = "RTNetworkingTests-Info.plist"; sourceTree = "<group>"; };
		4AD82A051918B581001A90DF /* en */ = {isa = PBXFileReference; lastKnownFileType = text.plist.strings; name = en; path = en.lproj/InfoPlist.strings; sourceTree = "<group>"; };
		4AD82A071918B581001A90DF /* RTNetworkingTests.m */ = {isa = PBXFileReference; lastKnownFileType = sourcecode.c.objc; path = RTNetworkingTests.m; sourceTree = "<group>"; };
		4ADC85A9192086AF00217C4B /* AIFServiceFactory.h */ = {isa = PBXFileReference; fileEncoding = 4; lastKnownFileType = sourcecode.c.h; path = AIFServiceFactory.h; sourceTree = "<group>"; };
		4ADC85AA192086AF00217C4B /* AIFServiceFactory.m */ = {isa = PBXFileReference; fileEncoding = 4; lastKnownFileType = sourcecode.c.objc; path = AIFServiceFactory.m; sourceTree = "<group>"; };
		4AF9117A19226AD300310140 /* NSArray+AXNetworkingMethods.h */ = {isa = PBXFileReference; fileEncoding = 4; lastKnownFileType = sourcecode.c.h; path = "NSArray+AXNetworkingMethods.h"; sourceTree = "<group>"; };
		4AF9117B19226AD300310140 /* NSArray+AXNetworkingMethods.m */ = {isa = PBXFileReference; fileEncoding = 4; lastKnownFileType = sourcecode.c.objc; path = "NSArray+AXNetworkingMethods.m"; sourceTree = "<group>"; };
		4AF9117D19226E0D00310140 /* AIFUDIDGenerator.h */ = {isa = PBXFileReference; fileEncoding = 4; lastKnownFileType = sourcecode.c.h; path = AIFUDIDGenerator.h; sourceTree = "<group>"; };
		4AF9117E19226E0D00310140 /* AIFUDIDGenerator.m */ = {isa = PBXFileReference; fileEncoding = 4; lastKnownFileType = sourcecode.c.objc; path = AIFUDIDGenerator.m; sourceTree = "<group>"; };
		D983044406FF4C28AF6AC19F /* Pods.xcconfig */ = {isa = PBXFileReference; includeInIndex = 1; lastKnownFileType = text.xcconfig; name = Pods.xcconfig; path = Pods/Pods.xcconfig; sourceTree = "<group>"; };
		F75ADC2FB88145EC90EC652D /* libPods.a */ = {isa = PBXFileReference; explicitFileType = archive.ar; includeInIndex = 0; path = libPods.a; sourceTree = BUILT_PRODUCTS_DIR; };
/* End PBXFileReference section */

/* Begin PBXFrameworksBuildPhase section */
		4AD829D61918B581001A90DF /* Frameworks */ = {
			isa = PBXFrameworksBuildPhase;
			buildActionMask = 2147483647;
			files = (
				4A95FC2B1931A2D20038C622 /* MapKit.framework in Frameworks */,
				4AD829DF1918B581001A90DF /* CoreGraphics.framework in Frameworks */,
				4AD829E11918B581001A90DF /* UIKit.framework in Frameworks */,
				4AD829DD1918B581001A90DF /* Foundation.framework in Frameworks */,
				4042907D7B104E208300D61A /* libPods.a in Frameworks */,
			);
			runOnlyForDeploymentPostprocessing = 0;
		};
		4AD829F71918B581001A90DF /* Frameworks */ = {
			isa = PBXFrameworksBuildPhase;
			buildActionMask = 2147483647;
			files = (
				4AD829FC1918B581001A90DF /* XCTest.framework in Frameworks */,
				4AD829FE1918B581001A90DF /* UIKit.framework in Frameworks */,
				4AD829FD1918B581001A90DF /* Foundation.framework in Frameworks */,
			);
			runOnlyForDeploymentPostprocessing = 0;
		};
/* End PBXFrameworksBuildPhase section */

/* Begin PBXGroup section */
		4A0516751928FAF10025C4E1 /* LocationComponents */ = {
			isa = PBXGroup;
			children = (
				4A05167A1928FAF10025C4E1 /* PlistManager */,
				4A0516761928FAF10025C4E1 /* AIFCityListManager.h */,
				4A0516771928FAF10025C4E1 /* AIFCityListManager.m */,
				4A0516781928FAF10025C4E1 /* AIFLocationManager.h */,
				4A0516791928FAF10025C4E1 /* AIFLocationManager.m */,
			);
			path = LocationComponents;
			sourceTree = "<group>";
		};
		4A05167A1928FAF10025C4E1 /* PlistManager */ = {
			isa = PBXGroup;
			children = (
				4A05167B1928FAF10025C4E1 /* AIFPlistManager.h */,
				4A05167C1928FAF20025C4E1 /* AIFPlistManager.m */,
			);
			path = PlistManager;
			sourceTree = "<group>";
		};
		4A165DFB192A045D00CCC80F /* LogComponents */ = {
			isa = PBXGroup;
			children = (
				4A165DFC192A045D00CCC80F /* AIFLoggerConfiguration.h */,
				4A165DFD192A045D00CCC80F /* AIFLoggerConfiguration.m */,
				4A165DFE192A045D00CCC80F /* AIFLogger.h */,
				4A165DFF192A045D00CCC80F /* AIFLogger.m */,
			);
			path = LogComponents;
			sourceTree = "<group>";
		};
		4A54101C1918B8710070C64C /* Components */ = {
			isa = PBXGroup;
			children = (
				4A5410331918E2910070C64C /* Components */,
				4A5410291918D7930070C64C /* Assistants */,
				4A5410221918CC9C0070C64C /* Categories */,
				4A54101D1918B88F0070C64C /* Services */,
				4A5410241918CDC30070C64C /* AIFNetworking.h */,
				4A5AE5601921CDA000E5DDAC /* AIFNetworkingConfiguration.h */,
			);
			path = Components;
			sourceTree = "<group>";
		};
		4A54101D1918B88F0070C64C /* Services */ = {
			isa = PBXGroup;
			children = (
				4A95FC261931999E0038C622 /* GoogleMap */,
				4A5AE56419244C1500E5DDAC /* AIFService.h */,
				4A5AE56519244C1500E5DDAC /* AIFService.m */,
				4ADC85A9192086AF00217C4B /* AIFServiceFactory.h */,
				4ADC85AA192086AF00217C4B /* AIFServiceFactory.m */,
			);
			path = Services;
			sourceTree = "<group>";
		};
		4A5410221918CC9C0070C64C /* Categories */ = {
			isa = PBXGroup;
			children = (
				4A54102D1918D94C0070C64C /* NSDictionary+AXNetworkingMethods.h */,
				4A54102E1918D94C0070C64C /* NSDictionary+AXNetworkingMethods.m */,
				4A5410301918E02E0070C64C /* NSObject+AXNetworkingMethods.h */,
				4A5410311918E02E0070C64C /* NSObject+AXNetworkingMethods.m */,
				4A6904C6191903BE00BA4622 /* UIDevice+IdentifierAddition.h */,
				4A6904C5191903BE00BA4622 /* UIDevice+IdentifierAddition.m */,
				4A6904C8191903DF00BA4622 /* NSString+AXNetworkingMethods.h */,
				4A6904C9191903DF00BA4622 /* NSString+AXNetworkingMethods.m */,
				4AF9117A19226AD300310140 /* NSArray+AXNetworkingMethods.h */,
				4AF9117B19226AD300310140 /* NSArray+AXNetworkingMethods.m */,
				4AB27CBB1927B11600C7ADFA /* NSMutableString+AXNetworkingMethods.h */,
				4AB27CBC1927B11600C7ADFA /* NSMutableString+AXNetworkingMethods.m */,
				4ABAA35A19330E0E007C99EC /* NSURLRequest+AIFNetworkingMethods.h */,
				4ABAA35B19330E0E007C99EC /* NSURLRequest+AIFNetworkingMethods.m */,
			);
			path = Categories;
			sourceTree = "<group>";
		};
		4A5410291918D7930070C64C /* Assistants */ = {
			isa = PBXGroup;
			children = (
				4AF9117D19226E0D00310140 /* AIFUDIDGenerator.h */,
				4AF9117E19226E0D00310140 /* AIFUDIDGenerator.m */,
				4A54102A1918D7D90070C64C /* AIFCommonParamsGenerator.h */,
				4A54102B1918D7D90070C64C /* AIFCommonParamsGenerator.m */,
				4A5AE55C1921AFF700E5DDAC /* AIFSignatureGenerator.h */,
				4A5AE55D1921AFF700E5DDAC /* AIFSignatureGenerator.m */,
				4A5AE5611923075300E5DDAC /* AIFRequestGenerator.h */,
				4A5AE5621923075300E5DDAC /* AIFRequestGenerator.m */,
			);
			path = Assistants;
			sourceTree = "<group>";
		};
		4A5410331918E2910070C64C /* Components */ = {
			isa = PBXGroup;
			children = (
				4A165DFB192A045D00CCC80F /* LogComponents */,
				4A0516751928FAF10025C4E1 /* LocationComponents */,
				4ABAA3531932ED95007C99EC /* CacheComponents */,
				4A5410371918E38E0070C64C /* AIFAPPContext.h */,
				4A5410381918E38E0070C64C /* AIFAPPContext.m */,
				4AA8397B1928D56F0085CB3F /* AIFURLResponse.h */,
				4AA8397C1928D56F0085CB3F /* AIFURLResponse.m */,
				4A0516801928FB5C0025C4E1 /* RTAPIBaseManager.h */,
				4A0516811928FB5C0025C4E1 /* RTAPIBaseManager.m */,
				4A00B5AD192EF1F2004C25C0 /* AIFAPIProxy.h */,
				4A00B5AE192EF1F2004C25C0 /* AIFAPIProxy.m */,
			);
			path = Components;
			sourceTree = "<group>";
		};
		4A95FC261931999E0038C622 /* GoogleMap */ = {
			isa = PBXGroup;
			children = (
				4A95FC27193199BF0038C622 /* AIFServiceGoogleMapDirections.h */,
				4A95FC28193199BF0038C622 /* AIFServiceGoogleMapDirections.m */,
			);
			path = GoogleMap;
			sourceTree = "<group>";
		};
		4ABAA3531932ED95007C99EC /* CacheComponents */ = {
			isa = PBXGroup;
			children = (
				4ABAA3541932EDB5007C99EC /* AIFCachedObject.h */,
				4ABAA3551932EDB5007C99EC /* AIFCachedObject.m */,
				4ABAA3571932EDEA007C99EC /* AIFCache.h */,
				4ABAA3581932EDEA007C99EC /* AIFCache.m */,
			);
			path = CacheComponents;
			sourceTree = "<group>";
		};
		4AD829D01918B581001A90DF = {
			isa = PBXGroup;
			children = (
				4AD829E21918B581001A90DF /* RTNetworking */,
				4AD82A011918B581001A90DF /* RTNetworkingTests */,
				4AD829DB1918B581001A90DF /* Frameworks */,
				4AD829DA1918B581001A90DF /* Products */,
				D983044406FF4C28AF6AC19F /* Pods.xcconfig */,
			);
			sourceTree = "<group>";
		};
		4AD829DA1918B581001A90DF /* Products */ = {
			isa = PBXGroup;
			children = (
				4AD829D91918B581001A90DF /* RTNetworking.app */,
				4AD829FA1918B581001A90DF /* RTNetworkingTests.xctest */,
			);
			name = Products;
			sourceTree = "<group>";
		};
		4AD829DB1918B581001A90DF /* Frameworks */ = {
			isa = PBXGroup;
			children = (
				4A95FC2A1931A2D20038C622 /* MapKit.framework */,
				4AD829DC1918B581001A90DF /* Foundation.framework */,
				4AD829DE1918B581001A90DF /* CoreGraphics.framework */,
				4AD829E01918B581001A90DF /* UIKit.framework */,
				4AD829FB1918B581001A90DF /* XCTest.framework */,
				F75ADC2FB88145EC90EC652D /* libPods.a */,
			);
			name = Frameworks;
			sourceTree = "<group>";
		};
		4AD829E21918B581001A90DF /* RTNetworking */ = {
			isa = PBXGroup;
			children = (
				4A54101C1918B8710070C64C /* Components */,
				4AD829EB1918B581001A90DF /* AppDelegate.h */,
				4AD829EC1918B581001A90DF /* AppDelegate.m */,
				4AD829EE1918B581001A90DF /* Main.storyboard */,
				4AD829F11918B581001A90DF /* ViewController.h */,
				4AD829F21918B581001A90DF /* ViewController.m */,
				4A95FC2C1931A57D0038C622 /* UIView+HandyConstraints.h */,
				4A95FC2D1931A57D0038C622 /* UIView+HandyConstraints.m */,
				4AD829F41918B581001A90DF /* Images.xcassets */,
				4AD829E31918B581001A90DF /* Supporting Files */,
			);
			path = RTNetworking;
			sourceTree = "<group>";
		};
		4AD829E31918B581001A90DF /* Supporting Files */ = {
			isa = PBXGroup;
			children = (
				4AD829E41918B581001A90DF /* RTNetworking-Info.plist */,
				4AD829E51918B581001A90DF /* InfoPlist.strings */,
				4AD829E81918B581001A90DF /* main.m */,
				4AD829EA1918B581001A90DF /* RTNetworking-Prefix.pch */,
			);
			name = "Supporting Files";
			sourceTree = "<group>";
		};
		4AD82A011918B581001A90DF /* RTNetworkingTests */ = {
			isa = PBXGroup;
			children = (
				4AD82A071918B581001A90DF /* RTNetworkingTests.m */,
				4AD82A021918B581001A90DF /* Supporting Files */,
			);
			path = RTNetworkingTests;
			sourceTree = "<group>";
		};
		4AD82A021918B581001A90DF /* Supporting Files */ = {
			isa = PBXGroup;
			children = (
				4AD82A031918B581001A90DF /* RTNetworkingTests-Info.plist */,
				4AD82A041918B581001A90DF /* InfoPlist.strings */,
			);
			name = "Supporting Files";
			sourceTree = "<group>";
		};
/* End PBXGroup section */

/* Begin PBXNativeTarget section */
		4AD829D81918B581001A90DF /* RTNetworking */ = {
			isa = PBXNativeTarget;
			buildConfigurationList = 4AD82A0B1918B581001A90DF /* Build configuration list for PBXNativeTarget "RTNetworking" */;
			buildPhases = (
				E5E710E5B3EB4BA99E026ED1 /* Check Pods Manifest.lock */,
				4AD829D51918B581001A90DF /* Sources */,
				4AD829D61918B581001A90DF /* Frameworks */,
				4AD829D71918B581001A90DF /* Resources */,
				C089BCCEDD6E449BA621228C /* Copy Pods Resources */,
			);
			buildRules = (
			);
			dependencies = (
			);
			name = RTNetworking;
			productName = RTNetworking;
			productReference = 4AD829D91918B581001A90DF /* RTNetworking.app */;
			productType = "com.apple.product-type.application";
		};
		4AD829F91918B581001A90DF /* RTNetworkingTests */ = {
			isa = PBXNativeTarget;
			buildConfigurationList = 4AD82A0E1918B581001A90DF /* Build configuration list for PBXNativeTarget "RTNetworkingTests" */;
			buildPhases = (
				4AD829F61918B581001A90DF /* Sources */,
				4AD829F71918B581001A90DF /* Frameworks */,
				4AD829F81918B581001A90DF /* Resources */,
			);
			buildRules = (
			);
			dependencies = (
				4AD82A001918B581001A90DF /* PBXTargetDependency */,
			);
			name = RTNetworkingTests;
			productName = RTNetworkingTests;
			productReference = 4AD829FA1918B581001A90DF /* RTNetworkingTests.xctest */;
			productType = "com.apple.product-type.bundle.unit-test";
		};
/* End PBXNativeTarget section */

/* Begin PBXProject section */
		4AD829D11918B581001A90DF /* Project object */ = {
			isa = PBXProject;
			attributes = {
				LastUpgradeCheck = 0510;
				ORGANIZATIONNAME = anjuke;
				TargetAttributes = {
					4AD829F91918B581001A90DF = {
						TestTargetID = 4AD829D81918B581001A90DF;
					};
				};
			};
			buildConfigurationList = 4AD829D41918B581001A90DF /* Build configuration list for PBXProject "RTNetworking" */;
			compatibilityVersion = "Xcode 3.2";
			developmentRegion = English;
			hasScannedForEncodings = 0;
			knownRegions = (
				en,
				Base,
			);
			mainGroup = 4AD829D01918B581001A90DF;
			productRefGroup = 4AD829DA1918B581001A90DF /* Products */;
			projectDirPath = "";
			projectRoot = "";
			targets = (
				4AD829D81918B581001A90DF /* RTNetworking */,
				4AD829F91918B581001A90DF /* RTNetworkingTests */,
			);
		};
/* End PBXProject section */

/* Begin PBXResourcesBuildPhase section */
		4AD829D71918B581001A90DF /* Resources */ = {
			isa = PBXResourcesBuildPhase;
			buildActionMask = 2147483647;
			files = (
				4AD829F51918B581001A90DF /* Images.xcassets in Resources */,
				4AD829E71918B581001A90DF /* InfoPlist.strings in Resources */,
				4AD829F01918B581001A90DF /* Main.storyboard in Resources */,
			);
			runOnlyForDeploymentPostprocessing = 0;
		};
		4AD829F81918B581001A90DF /* Resources */ = {
			isa = PBXResourcesBuildPhase;
			buildActionMask = 2147483647;
			files = (
				4AD82A061918B581001A90DF /* InfoPlist.strings in Resources */,
			);
			runOnlyForDeploymentPostprocessing = 0;
		};
/* End PBXResourcesBuildPhase section */

/* Begin PBXShellScriptBuildPhase section */
		C089BCCEDD6E449BA621228C /* Copy Pods Resources */ = {
			isa = PBXShellScriptBuildPhase;
			buildActionMask = 2147483647;
			files = (
			);
			inputPaths = (
			);
			name = "Copy Pods Resources";
			outputPaths = (
			);
			runOnlyForDeploymentPostprocessing = 0;
			shellPath = /bin/sh;
			shellScript = "\"${SRCROOT}/Pods/Pods-resources.sh\"\n";
			showEnvVarsInLog = 0;
		};
		E5E710E5B3EB4BA99E026ED1 /* Check Pods Manifest.lock */ = {
			isa = PBXShellScriptBuildPhase;
			buildActionMask = 2147483647;
			files = (
			);
			inputPaths = (
			);
			name = "Check Pods Manifest.lock";
			outputPaths = (
			);
			runOnlyForDeploymentPostprocessing = 0;
			shellPath = /bin/sh;
			shellScript = "diff \"${PODS_ROOT}/../Podfile.lock\" \"${PODS_ROOT}/Manifest.lock\" > /dev/null\nif [[ $? != 0 ]] ; then\n    cat << EOM\nerror: The sandbox is not in sync with the Podfile.lock. Run 'pod install' or update your CocoaPods installation.\nEOM\n    exit 1\nfi\n";
			showEnvVarsInLog = 0;
		};
/* End PBXShellScriptBuildPhase section */

/* Begin PBXSourcesBuildPhase section */
		4AD829D51918B581001A90DF /* Sources */ = {
			isa = PBXSourcesBuildPhase;
			buildActionMask = 2147483647;
			files = (
				4A95FC2E1931A57D0038C622 /* UIView+HandyConstraints.m in Sources */,
				4A5AE5631923075300E5DDAC /* AIFRequestGenerator.m in Sources */,
				4A6904CA191903DF00BA4622 /* NSString+AXNetworkingMethods.m in Sources */,
				4AF9117F19226E0D00310140 /* AIFUDIDGenerator.m in Sources */,
				4ABAA3561932EDB5007C99EC /* AIFCachedObject.m in Sources */,
				4A5410321918E02E0070C64C /* NSObject+AXNetworkingMethods.m in Sources */,
				4ABAA35C19330E0E007C99EC /* NSURLRequest+AIFNetworkingMethods.m in Sources */,
				4A54102F1918D94C0070C64C /* NSDictionary+AXNetworkingMethods.m in Sources */,
				4AA8397D1928D56F0085CB3F /* AIFURLResponse.m in Sources */,
				4A5AE55E1921AFF700E5DDAC /* AIFSignatureGenerator.m in Sources */,
				4A5AE56619244C1500E5DDAC /* AIFService.m in Sources */,
				4AD829F31918B581001A90DF /* ViewController.m in Sources */,
				4A95FC29193199BF0038C622 /* AIFServiceGoogleMapDirections.m in Sources */,
				4AF9117C19226AD300310140 /* NSArray+AXNetworkingMethods.m in Sources */,
				4A0516821928FB5C0025C4E1 /* RTAPIBaseManager.m in Sources */,
				4A00B5AF192EF1F2004C25C0 /* AIFAPIProxy.m in Sources */,
				4AB27CBD1927B11600C7ADFA /* NSMutableString+AXNetworkingMethods.m in Sources */,
				4A05167D1928FAF20025C4E1 /* AIFCityListManager.m in Sources */,
				4AD829ED1918B581001A90DF /* AppDelegate.m in Sources */,
				4A05167E1928FAF20025C4E1 /* AIFLocationManager.m in Sources */,
				4A6904C7191903BE00BA4622 /* UIDevice+IdentifierAddition.m in Sources */,
				4ABAA3591932EDEA007C99EC /* AIFCache.m in Sources */,
				4A165E01192A045D00CCC80F /* AIFLogger.m in Sources */,
				4A05167F1928FAF20025C4E1 /* AIFPlistManager.m in Sources */,
				4AD829E91918B581001A90DF /* main.m in Sources */,
				4A54102C1918D7D90070C64C /* AIFCommonParamsGenerator.m in Sources */,
				4A5410391918E38E0070C64C /* AIFAPPContext.m in Sources */,
				4A165E00192A045D00CCC80F /* AIFLoggerConfiguration.m in Sources */,
				4ADC85AB192086AF00217C4B /* AIFServiceFactory.m in Sources */,
			);
			runOnlyForDeploymentPostprocessing = 0;
		};
		4AD829F61918B581001A90DF /* Sources */ = {
			isa = PBXSourcesBuildPhase;
			buildActionMask = 2147483647;
			files = (
				4AD82A081918B581001A90DF /* RTNetworkingTests.m in Sources */,
			);
			runOnlyForDeploymentPostprocessing = 0;
		};
/* End PBXSourcesBuildPhase section */

/* Begin PBXTargetDependency section */
		4AD82A001918B581001A90DF /* PBXTargetDependency */ = {
			isa = PBXTargetDependency;
			target = 4AD829D81918B581001A90DF /* RTNetworking */;
			targetProxy = 4AD829FF1918B581001A90DF /* PBXContainerItemProxy */;
		};
/* End PBXTargetDependency section */

/* Begin PBXVariantGroup section */
		4AD829E51918B581001A90DF /* InfoPlist.strings */ = {
			isa = PBXVariantGroup;
			children = (
				4AD829E61918B581001A90DF /* en */,
			);
			name = InfoPlist.strings;
			sourceTree = "<group>";
		};
		4AD829EE1918B581001A90DF /* Main.storyboard */ = {
			isa = PBXVariantGroup;
			children = (
				4AD829EF1918B581001A90DF /* Base */,
			);
			name = Main.storyboard;
			sourceTree = "<group>";
		};
		4AD82A041918B581001A90DF /* InfoPlist.strings */ = {
			isa = PBXVariantGroup;
			children = (
				4AD82A051918B581001A90DF /* en */,
			);
			name = InfoPlist.strings;
			sourceTree = "<group>";
		};
/* End PBXVariantGroup section */

/* Begin XCBuildConfiguration section */
		4AD82A091918B581001A90DF /* Debug */ = {
			isa = XCBuildConfiguration;
			buildSettings = {
				ALWAYS_SEARCH_USER_PATHS = NO;
				CLANG_CXX_LANGUAGE_STANDARD = "gnu++0x";
				CLANG_CXX_LIBRARY = "libc++";
				CLANG_ENABLE_MODULES = YES;
				CLANG_ENABLE_OBJC_ARC = YES;
				CLANG_WARN_BOOL_CONVERSION = YES;
				CLANG_WARN_CONSTANT_CONVERSION = YES;
				CLANG_WARN_DIRECT_OBJC_ISA_USAGE = YES_ERROR;
				CLANG_WARN_EMPTY_BODY = YES;
				CLANG_WARN_ENUM_CONVERSION = YES;
				CLANG_WARN_INT_CONVERSION = YES;
				CLANG_WARN_OBJC_ROOT_CLASS = YES_ERROR;
				CLANG_WARN__DUPLICATE_METHOD_MATCH = YES;
				"CODE_SIGN_IDENTITY[sdk=iphoneos*]" = "iPhone Developer";
				COPY_PHASE_STRIP = NO;
				GCC_C_LANGUAGE_STANDARD = gnu99;
				GCC_DYNAMIC_NO_PIC = NO;
				GCC_OPTIMIZATION_LEVEL = 0;
				GCC_PREPROCESSOR_DEFINITIONS = (
					"DEBUG=1",
					"$(inherited)",
				);
				GCC_SYMBOLS_PRIVATE_EXTERN = NO;
				GCC_WARN_64_TO_32_BIT_CONVERSION = YES;
				GCC_WARN_ABOUT_RETURN_TYPE = YES_ERROR;
				GCC_WARN_UNDECLARED_SELECTOR = YES;
				GCC_WARN_UNINITIALIZED_AUTOS = YES_AGGRESSIVE;
				GCC_WARN_UNUSED_FUNCTION = YES;
				GCC_WARN_UNUSED_VARIABLE = YES;
				IPHONEOS_DEPLOYMENT_TARGET = 7.1;
				ONLY_ACTIVE_ARCH = YES;
				SDKROOT = iphoneos;
			};
			name = Debug;
		};
		4AD82A0A1918B581001A90DF /* Release */ = {
			isa = XCBuildConfiguration;
			buildSettings = {
				ALWAYS_SEARCH_USER_PATHS = NO;
				CLANG_CXX_LANGUAGE_STANDARD = "gnu++0x";
				CLANG_CXX_LIBRARY = "libc++";
				CLANG_ENABLE_MODULES = YES;
				CLANG_ENABLE_OBJC_ARC = YES;
				CLANG_WARN_BOOL_CONVERSION = YES;
				CLANG_WARN_CONSTANT_CONVERSION = YES;
				CLANG_WARN_DIRECT_OBJC_ISA_USAGE = YES_ERROR;
				CLANG_WARN_EMPTY_BODY = YES;
				CLANG_WARN_ENUM_CONVERSION = YES;
				CLANG_WARN_INT_CONVERSION = YES;
				CLANG_WARN_OBJC_ROOT_CLASS = YES_ERROR;
				CLANG_WARN__DUPLICATE_METHOD_MATCH = YES;
				"CODE_SIGN_IDENTITY[sdk=iphoneos*]" = "iPhone Developer";
				COPY_PHASE_STRIP = YES;
				ENABLE_NS_ASSERTIONS = NO;
				GCC_C_LANGUAGE_STANDARD = gnu99;
				GCC_WARN_64_TO_32_BIT_CONVERSION = YES;
				GCC_WARN_ABOUT_RETURN_TYPE = YES_ERROR;
				GCC_WARN_UNDECLARED_SELECTOR = YES;
				GCC_WARN_UNINITIALIZED_AUTOS = YES_AGGRESSIVE;
				GCC_WARN_UNUSED_FUNCTION = YES;
				GCC_WARN_UNUSED_VARIABLE = YES;
				IPHONEOS_DEPLOYMENT_TARGET = 7.1;
				SDKROOT = iphoneos;
				VALIDATE_PRODUCT = YES;
			};
			name = Release;
		};
		4AD82A0C1918B581001A90DF /* Debug */ = {
			isa = XCBuildConfiguration;
			baseConfigurationReference = D983044406FF4C28AF6AC19F /* Pods.xcconfig */;
			buildSettings = {
				ASSETCATALOG_COMPILER_APPICON_NAME = AppIcon;
				ASSETCATALOG_COMPILER_LAUNCHIMAGE_NAME = LaunchImage;
				GCC_PRECOMPILE_PREFIX_HEADER = YES;
				GCC_PREFIX_HEADER = "RTNetworking/RTNetworking-Prefix.pch";
				INFOPLIST_FILE = "RTNetworking/RTNetworking-Info.plist";
				IPHONEOS_DEPLOYMENT_TARGET = 6.0;
				PRODUCT_NAME = "$(TARGET_NAME)";
				WRAPPER_EXTENSION = app;
			};
			name = Debug;
		};
		4AD82A0D1918B581001A90DF /* Release */ = {
			isa = XCBuildConfiguration;
			baseConfigurationReference = D983044406FF4C28AF6AC19F /* Pods.xcconfig */;
			buildSettings = {
				ASSETCATALOG_COMPILER_APPICON_NAME = AppIcon;
				ASSETCATALOG_COMPILER_LAUNCHIMAGE_NAME = LaunchImage;
				GCC_PRECOMPILE_PREFIX_HEADER = YES;
				GCC_PREFIX_HEADER = "RTNetworking/RTNetworking-Prefix.pch";
				INFOPLIST_FILE = "RTNetworking/RTNetworking-Info.plist";
				IPHONEOS_DEPLOYMENT_TARGET = 6.0;
				PRODUCT_NAME = "$(TARGET_NAME)";
				WRAPPER_EXTENSION = app;
			};
			name = Release;
		};
		4AD82A0F1918B581001A90DF /* Debug */ = {
			isa = XCBuildConfiguration;
			buildSettings = {
				BUNDLE_LOADER = "$(BUILT_PRODUCTS_DIR)/RTNetworking.app/RTNetworking";
				FRAMEWORK_SEARCH_PATHS = (
					"$(SDKROOT)/Developer/Library/Frameworks",
					"$(inherited)",
					"$(DEVELOPER_FRAMEWORKS_DIR)",
				);
				GCC_PRECOMPILE_PREFIX_HEADER = YES;
				GCC_PREFIX_HEADER = "RTNetworking/RTNetworking-Prefix.pch";
				GCC_PREPROCESSOR_DEFINITIONS = (
					"DEBUG=1",
					"$(inherited)",
				);
				INFOPLIST_FILE = "RTNetworkingTests/RTNetworkingTests-Info.plist";
				PRODUCT_NAME = "$(TARGET_NAME)";
				TEST_HOST = "$(BUNDLE_LOADER)";
				WRAPPER_EXTENSION = xctest;
			};
			name = Debug;
		};
		4AD82A101918B581001A90DF /* Release */ = {
			isa = XCBuildConfiguration;
			buildSettings = {
				BUNDLE_LOADER = "$(BUILT_PRODUCTS_DIR)/RTNetworking.app/RTNetworking";
				FRAMEWORK_SEARCH_PATHS = (
					"$(SDKROOT)/Developer/Library/Frameworks",
					"$(inherited)",
					"$(DEVELOPER_FRAMEWORKS_DIR)",
				);
				GCC_PRECOMPILE_PREFIX_HEADER = YES;
				GCC_PREFIX_HEADER = "RTNetworking/RTNetworking-Prefix.pch";
				INFOPLIST_FILE = "RTNetworkingTests/RTNetworkingTests-Info.plist";
				PRODUCT_NAME = "$(TARGET_NAME)";
				TEST_HOST = "$(BUNDLE_LOADER)";
				WRAPPER_EXTENSION = xctest;
			};
			name = Release;
		};
/* End XCBuildConfiguration section */

/* Begin XCConfigurationList section */
		4AD829D41918B581001A90DF /* Build configuration list for PBXProject "RTNetworking" */ = {
			isa = XCConfigurationList;
			buildConfigurations = (
				4AD82A091918B581001A90DF /* Debug */,
				4AD82A0A1918B581001A90DF /* Release */,
			);
			defaultConfigurationIsVisible = 0;
			defaultConfigurationName = Release;
		};
		4AD82A0B1918B581001A90DF /* Build configuration list for PBXNativeTarget "RTNetworking" */ = {
			isa = XCConfigurationList;
			buildConfigurations = (
				4AD82A0C1918B581001A90DF /* Debug */,
				4AD82A0D1918B581001A90DF /* Release */,
			);
			defaultConfigurationIsVisible = 0;
			defaultConfigurationName = Release;
		};
		4AD82A0E1918B581001A90DF /* Build configuration list for PBXNativeTarget "RTNetworkingTests" */ = {
			isa = XCConfigurationList;
			buildConfigurations = (
				4AD82A0F1918B581001A90DF /* Debug */,
				4AD82A101918B581001A90DF /* Release */,
			);
			defaultConfigurationIsVisible = 0;
			defaultConfigurationName = Release;
		};
/* End XCConfigurationList section */
	};
	rootObject = 4AD829D11918B581001A90DF /* Project object */;
}
