<?xml version="1.0" encoding="UTF-8"?>
<!DOCTYPE plist PUBLIC "-//Apple//DTD PLIST 1.0//EN" "http://www.apple.com/DTDs/PropertyList-1.0.dtd">
<plist version="1.0">
<dict>
	<key>archiveVersion</key>
	<string>1</string>
	<key>classes</key>
	<dict/>
	<key>objectVersion</key>
	<string>46</string>
	<key>objects</key>
	<dict>
		<key>10E07CAF82B370B10DAEF89B</key>
		<dict>
			<key>children</key>
			<array>
				<string>A7E991CD00AE580099C56CF4</string>
			</array>
			<key>isa</key>
			<string>PBXGroup</string>
			<key>name</key>
			<string>Frameworks</string>
			<key>sourceTree</key>
			<string>&lt;group&gt;</string>
		</dict>
		<key>118172816A888E8150338AE0</key>
		<dict>
			<key>fileRef</key>
			<string>A7E991CD00AE580099C56CF4</string>
			<key>isa</key>
			<string>PBXBuildFile</string>
		</dict>
		<key>156A99D3C76E77B1A238B0E7</key>
		<dict>
			<key>buildActionMask</key>
			<string>2147483647</string>
			<key>files</key>
			<array/>
			<key>inputPaths</key>
			<array/>
			<key>isa</key>
			<string>PBXShellScriptBuildPhase</string>
			<key>name</key>
			<string>[CP] Check Pods Manifest.lock</string>
			<key>outputPaths</key>
			<array/>
			<key>runOnlyForDeploymentPostprocessing</key>
			<string>0</string>
			<key>shellPath</key>
			<string>/bin/sh</string>
			<key>shellScript</key>
			<string>diff "${PODS_ROOT}/../Podfile.lock" "${PODS_ROOT}/Manifest.lock" &gt; /dev/null
if [[ $? != 0 ]] ; then
    cat &lt;&lt; EOM
error: The sandbox is not in sync with the Podfile.lock. Run 'pod install' or update your CocoaPods installation.
EOM
    exit 1
fi
</string>
			<key>showEnvVarsInLog</key>
			<string>0</string>
		</dict>
		<key>15791200D877ECD63497D39B</key>
		<dict>
			<key>buildActionMask</key>
			<string>2147483647</string>
			<key>files</key>
			<array/>
			<key>inputPaths</key>
			<array/>
			<key>isa</key>
			<string>PBXShellScriptBuildPhase</string>
			<key>name</key>
			<string>&#128230; Embed Pods Frameworks</string>
			<key>outputPaths</key>
			<array/>
			<key>runOnlyForDeploymentPostprocessing</key>
			<string>0</string>
			<key>shellPath</key>
			<string>/bin/sh</string>
			<key>shellScript</key>
			<string>"${SRCROOT}/Pods/Target Support Files/Pods-CTNetworking/Pods-CTNetworking-frameworks.sh"
</string>
			<key>showEnvVarsInLog</key>
			<string>0</string>
		</dict>
		<key>47AEE7F0CEEB2B4E104FE886</key>
		<dict>
			<key>includeInIndex</key>
			<string>1</string>
			<key>isa</key>
			<string>PBXFileReference</string>
			<key>lastKnownFileType</key>
			<string>text.xcconfig</string>
			<key>name</key>
			<string>Pods-CTNetworking.debug.xcconfig</string>
			<key>path</key>
			<string>Pods/Target Support Files/Pods-CTNetworking/Pods-CTNetworking.debug.xcconfig</string>
			<key>sourceTree</key>
			<string>&lt;group&gt;</string>
		</dict>
		<key>4ADD3645D6296652217469EC</key>
		<dict>
			<key>includeInIndex</key>
			<string>1</string>
			<key>isa</key>
			<string>PBXFileReference</string>
			<key>lastKnownFileType</key>
			<string>text.xcconfig</string>
			<key>name</key>
			<string>Pods-CTNetworking.release.xcconfig</string>
			<key>path</key>
			<string>Pods/Target Support Files/Pods-CTNetworking/Pods-CTNetworking.release.xcconfig</string>
			<key>sourceTree</key>
			<string>&lt;group&gt;</string>
		</dict>
		<key>4D80E65ECBC86488DD1BB49C</key>
		<dict>
			<key>buildActionMask</key>
			<string>2147483647</string>
			<key>files</key>
			<array/>
			<key>inputPaths</key>
			<array/>
			<key>isa</key>
			<string>PBXShellScriptBuildPhase</string>
			<key>name</key>
			<string>[CP] Copy Pods Resources</string>
			<key>outputPaths</key>
			<array/>
			<key>runOnlyForDeploymentPostprocessing</key>
			<string>0</string>
			<key>shellPath</key>
			<string>/bin/sh</string>
			<key>shellScript</key>
			<string>"${SRCROOT}/Pods/Target Support Files/Pods-CTNetworking/Pods-CTNetworking-resources.sh"
</string>
			<key>showEnvVarsInLog</key>
			<string>0</string>
		</dict>
		<key>5638BFA3E4B5D4D72B99C701</key>
		<dict>
			<key>buildActionMask</key>
			<string>2147483647</string>
			<key>files</key>
			<array/>
			<key>inputPaths</key>
			<array/>
			<key>isa</key>
			<string>PBXShellScriptBuildPhase</string>
			<key>name</key>
			<string>[CP] Embed Pods Frameworks</string>
			<key>outputPaths</key>
			<array/>
			<key>runOnlyForDeploymentPostprocessing</key>
			<string>0</string>
			<key>shellPath</key>
			<string>/bin/sh</string>
			<key>shellScript</key>
			<string>"${SRCROOT}/Pods/Target Support Files/Pods-CTNetworking/Pods-CTNetworking-frameworks.sh"
</string>
			<key>showEnvVarsInLog</key>
			<string>0</string>
		</dict>
		<key>57A49DA375F499BBDB0E4A47</key>
		<dict>
			<key>buildActionMask</key>
			<string>2147483647</string>
			<key>files</key>
			<array/>
			<key>inputPaths</key>
			<array/>
			<key>isa</key>
			<string>PBXShellScriptBuildPhase</string>
			<key>name</key>
			<string>&#128230; Copy Pods Resources</string>
			<key>outputPaths</key>
			<array/>
			<key>runOnlyForDeploymentPostprocessing</key>
			<string>0</string>
			<key>shellPath</key>
			<string>/bin/sh</string>
			<key>shellScript</key>
			<string>"${SRCROOT}/Pods/Target Support Files/Pods-CTNetworking/Pods-CTNetworking-resources.sh"
</string>
			<key>showEnvVarsInLog</key>
			<string>0</string>
		</dict>
		<key>6DC322692580AE494C000410</key>
		<dict>
			<key>children</key>
			<array>
				<string>47AEE7F0CEEB2B4E104FE886</string>
				<string>4ADD3645D6296652217469EC</string>
			</array>
			<key>isa</key>
			<string>PBXGroup</string>
			<key>name</key>
			<string>Pods</string>
			<key>sourceTree</key>
			<string>&lt;group&gt;</string>
		</dict>
		<key>A7E991CD00AE580099C56CF4</key>
		<dict>
			<key>explicitFileType</key>
			<string>archive.ar</string>
			<key>includeInIndex</key>
			<string>0</string>
			<key>isa</key>
			<string>PBXFileReference</string>
			<key>path</key>
			<string>libPods-CTNetworking.a</string>
			<key>sourceTree</key>
			<string>BUILT_PRODUCTS_DIR</string>
		</dict>
		<key>ABC677051CF707C100B520A6</key>
		<dict>
			<key>children</key>
			<array>
				<string>ABC677101CF707C100B520A6</string>
				<string>ABC6770F1CF707C100B520A6</string>
				<string>6DC322692580AE494C000410</string>
				<string>10E07CAF82B370B10DAEF89B</string>
			</array>
			<key>isa</key>
			<string>PBXGroup</string>
			<key>sourceTree</key>
			<string>&lt;group&gt;</string>
		</dict>
		<key>ABC677061CF707C100B520A6</key>
		<dict>
			<key>attributes</key>
			<dict>
				<key>LastUpgradeCheck</key>
				<string>0720</string>
				<key>ORGANIZATIONNAME</key>
				<string>Long Fan</string>
				<key>TargetAttributes</key>
				<dict>
					<key>ABC6770D1CF707C100B520A6</key>
					<dict>
						<key>CreatedOnToolsVersion</key>
						<string>7.2.1</string>
					</dict>
				</dict>
			</dict>
			<key>buildConfigurationList</key>
			<string>ABC677091CF707C100B520A6</string>
			<key>compatibilityVersion</key>
			<string>Xcode 3.2</string>
			<key>developmentRegion</key>
			<string>English</string>
			<key>hasScannedForEncodings</key>
			<string>0</string>
			<key>isa</key>
			<string>PBXProject</string>
			<key>knownRegions</key>
			<array>
				<string>en</string>
				<string>Base</string>
			</array>
			<key>mainGroup</key>
			<string>ABC677051CF707C100B520A6</string>
			<key>productRefGroup</key>
			<string>ABC6770F1CF707C100B520A6</string>
			<key>projectDirPath</key>
			<string></string>
			<key>projectReferences</key>
			<array/>
			<key>projectRoot</key>
			<string></string>
			<key>targets</key>
			<array>
				<string>ABC6770D1CF707C100B520A6</string>
			</array>
		</dict>
		<key>ABC677091CF707C100B520A6</key>
		<dict>
			<key>buildConfigurations</key>
			<array>
				<string>ABC677231CF707C100B520A6</string>
				<string>ABC677241CF707C100B520A6</string>
			</array>
			<key>defaultConfigurationIsVisible</key>
			<string>0</string>
			<key>defaultConfigurationName</key>
			<string>Release</string>
			<key>isa</key>
			<string>XCConfigurationList</string>
		</dict>
		<key>ABC6770A1CF707C100B520A6</key>
		<dict>
			<key>buildActionMask</key>
			<string>2147483647</string>
			<key>files</key>
			<array>
				<string>ABC678211CF7109400B520A6</string>
				<string>ABC678231CF7109400B520A6</string>
				<string>ABC678701CF7251400B520A6</string>
				<string>ABC678791CF7251400B520A6</string>
				<string>ABC677191CF707C100B520A6</string>
				<string>ABC678961CF7271000B520A6</string>
				<string>ABC678741CF7251400B520A6</string>
				<string>ABC678721CF7251400B520A6</string>
				<string>ABC678851CF7251400B520A6</string>
				<string>ABC678841CF7251400B520A6</string>
				<string>ABC678771CF7251400B520A6</string>
				<string>ABC6787B1CF7251400B520A6</string>
				<string>ABC678761CF7251400B520A6</string>
				<string>ABC678861CF7251400B520A6</string>
				<string>ABC678831CF7251400B520A6</string>
				<string>ABC678811CF7251400B520A6</string>
				<string>ABC6787A1CF7251400B520A6</string>
				<string>ABC678821CF7251400B520A6</string>
				<string>ABC6787E1CF7251400B520A6</string>
				<string>ABC678731CF7251400B520A6</string>
				<string>ABC678801CF7251400B520A6</string>
				<string>ABC678711CF7251400B520A6</string>
				<string>ABC678951CF7271000B520A6</string>
				<string>ABC678751CF7251400B520A6</string>
				<string>ABC6787D1CF7251400B520A6</string>
				<string>ABC678981CF7271000B520A6</string>
				<string>ABC677161CF707C100B520A6</string>
				<string>ABC678271CF7138900B520A6</string>
				<string>ABC677131CF707C100B520A6</string>
			</array>
			<key>isa</key>
			<string>PBXSourcesBuildPhase</string>
			<key>runOnlyForDeploymentPostprocessing</key>
			<string>0</string>
		</dict>
		<key>ABC6770B1CF707C100B520A6</key>
		<dict>
			<key>buildActionMask</key>
			<string>2147483647</string>
			<key>files</key>
			<array>
				<string>118172816A888E8150338AE0</string>
			</array>
			<key>isa</key>
			<string>PBXFrameworksBuildPhase</string>
			<key>runOnlyForDeploymentPostprocessing</key>
			<string>0</string>
		</dict>
		<key>ABC6770C1CF707C100B520A6</key>
		<dict>
			<key>buildActionMask</key>
			<string>2147483647</string>
			<key>files</key>
			<array>
				<string>ABC6787C1CF7251400B520A6</string>
				<string>ABC677211CF707C100B520A6</string>
				<string>ABC6771E1CF707C100B520A6</string>
				<string>ABC6771C1CF707C100B520A6</string>
				<string>ABC678971CF7271000B520A6</string>
			</array>
			<key>isa</key>
			<string>PBXResourcesBuildPhase</string>
			<key>runOnlyForDeploymentPostprocessing</key>
			<string>0</string>
		</dict>
		<key>ABC6770D1CF707C100B520A6</key>
		<dict>
			<key>buildConfigurationList</key>
			<string>ABC677251CF707C100B520A6</string>
			<key>buildPhases</key>
			<array>
				<string>DE06A236D403A329298AC8C0</string>
				<string>156A99D3C76E77B1A238B0E7</string>
				<string>ABC6770A1CF707C100B520A6</string>
				<string>ABC6770B1CF707C100B520A6</string>
				<string>ABC6770C1CF707C100B520A6</string>
				<string>5638BFA3E4B5D4D72B99C701</string>
				<string>4D80E65ECBC86488DD1BB49C</string>
				<string>15791200D877ECD63497D39B</string>
				<string>57A49DA375F499BBDB0E4A47</string>
			</array>
			<key>buildRules</key>
			<array/>
			<key>dependencies</key>
			<array/>
			<key>isa</key>
			<string>PBXNativeTarget</string>
			<key>name</key>
			<string>CTNetworking</string>
			<key>productName</key>
			<string>CTNetworking</string>
			<key>productReference</key>
			<string>ABC6770E1CF707C100B520A6</string>
			<key>productType</key>
			<string>com.apple.product-type.application</string>
		</dict>
		<key>ABC6770E1CF707C100B520A6</key>
		<dict>
			<key>explicitFileType</key>
			<string>wrapper.application</string>
			<key>includeInIndex</key>
			<string>0</string>
			<key>isa</key>
			<string>PBXFileReference</string>
			<key>path</key>
			<string>CTNetworking.app</string>
			<key>sourceTree</key>
			<string>BUILT_PRODUCTS_DIR</string>
		</dict>
		<key>ABC6770F1CF707C100B520A6</key>
		<dict>
			<key>children</key>
			<array>
				<string>ABC6770E1CF707C100B520A6</string>
			</array>
			<key>isa</key>
			<string>PBXGroup</string>
			<key>name</key>
			<string>Products</string>
			<key>sourceTree</key>
			<string>&lt;group&gt;</string>
		</dict>
		<key>ABC677101CF707C100B520A6</key>
		<dict>
			<key>children</key>
			<array>
				<string>ABC678281CF7251400B520A6</string>
				<string>ABC678881CF7271000B520A6</string>
				<string>ABC677FA1CF7109400B520A6</string>
				<string>ABC677111CF707C100B520A6</string>
			</array>
			<key>isa</key>
			<string>PBXGroup</string>
			<key>path</key>
			<string>CTNetworking</string>
			<key>sourceTree</key>
			<string>&lt;group&gt;</string>
		</dict>
		<key>ABC677111CF707C100B520A6</key>
		<dict>
			<key>children</key>
			<array>
				<string>ABC677141CF707C100B520A6</string>
				<string>ABC677151CF707C100B520A6</string>
				<string>ABC6771A1CF707C100B520A6</string>
				<string>ABC6771D1CF707C100B520A6</string>
				<string>ABC6771F1CF707C100B520A6</string>
				<string>ABC677221CF707C100B520A6</string>
				<string>ABC677121CF707C100B520A6</string>
			</array>
			<key>isa</key>
			<string>PBXGroup</string>
			<key>name</key>
			<string>Supporting Files</string>
			<key>sourceTree</key>
			<string>&lt;group&gt;</string>
		</dict>
		<key>ABC677121CF707C100B520A6</key>
		<dict>
			<key>isa</key>
			<string>PBXFileReference</string>
			<key>lastKnownFileType</key>
			<string>sourcecode.c.objc</string>
			<key>path</key>
			<string>main.m</string>
			<key>sourceTree</key>
			<string>&lt;group&gt;</string>
		</dict>
		<key>ABC677131CF707C100B520A6</key>
		<dict>
			<key>fileRef</key>
			<string>ABC677121CF707C100B520A6</string>
			<key>isa</key>
			<string>PBXBuildFile</string>
		</dict>
		<key>ABC677141CF707C100B520A6</key>
		<dict>
			<key>isa</key>
			<string>PBXFileReference</string>
			<key>lastKnownFileType</key>
			<string>sourcecode.c.h</string>
			<key>path</key>
			<string>AppDelegate.h</string>
			<key>sourceTree</key>
			<string>&lt;group&gt;</string>
		</dict>
		<key>ABC677151CF707C100B520A6</key>
		<dict>
			<key>isa</key>
			<string>PBXFileReference</string>
			<key>lastKnownFileType</key>
			<string>sourcecode.c.objc</string>
			<key>path</key>
			<string>AppDelegate.m</string>
			<key>sourceTree</key>
			<string>&lt;group&gt;</string>
		</dict>
		<key>ABC677161CF707C100B520A6</key>
		<dict>
			<key>fileRef</key>
			<string>ABC677151CF707C100B520A6</string>
			<key>isa</key>
			<string>PBXBuildFile</string>
		</dict>
		<key>ABC677171CF707C100B520A6</key>
		<dict>
			<key>isa</key>
			<string>PBXFileReference</string>
			<key>lastKnownFileType</key>
			<string>sourcecode.c.h</string>
			<key>name</key>
			<string>TestViewController.h</string>
			<key>path</key>
			<string>../TestViewController.h</string>
			<key>sourceTree</key>
			<string>&lt;group&gt;</string>
		</dict>
		<key>ABC677181CF707C100B520A6</key>
		<dict>
			<key>isa</key>
			<string>PBXFileReference</string>
			<key>lastKnownFileType</key>
			<string>sourcecode.c.objc</string>
			<key>name</key>
			<string>TestViewController.m</string>
			<key>path</key>
			<string>../TestViewController.m</string>
			<key>sourceTree</key>
			<string>&lt;group&gt;</string>
		</dict>
		<key>ABC677191CF707C100B520A6</key>
		<dict>
			<key>fileRef</key>
			<string>ABC677181CF707C100B520A6</string>
			<key>isa</key>
			<string>PBXBuildFile</string>
		</dict>
		<key>ABC6771A1CF707C100B520A6</key>
		<dict>
			<key>children</key>
			<array>
				<string>ABC6771B1CF707C100B520A6</string>
			</array>
			<key>isa</key>
			<string>PBXVariantGroup</string>
			<key>name</key>
			<string>Main.storyboard</string>
			<key>sourceTree</key>
			<string>&lt;group&gt;</string>
		</dict>
		<key>ABC6771B1CF707C100B520A6</key>
		<dict>
			<key>isa</key>
			<string>PBXFileReference</string>
			<key>lastKnownFileType</key>
			<string>file.storyboard</string>
			<key>name</key>
			<string>Base</string>
			<key>path</key>
			<string>Base.lproj/Main.storyboard</string>
			<key>sourceTree</key>
			<string>&lt;group&gt;</string>
		</dict>
		<key>ABC6771C1CF707C100B520A6</key>
		<dict>
			<key>fileRef</key>
			<string>ABC6771A1CF707C100B520A6</string>
			<key>isa</key>
			<string>PBXBuildFile</string>
		</dict>
		<key>ABC6771D1CF707C100B520A6</key>
		<dict>
			<key>isa</key>
			<string>PBXFileReference</string>
			<key>lastKnownFileType</key>
			<string>folder.assetcatalog</string>
			<key>path</key>
			<string>Assets.xcassets</string>
			<key>sourceTree</key>
			<string>&lt;group&gt;</string>
		</dict>
		<key>ABC6771E1CF707C100B520A6</key>
		<dict>
			<key>fileRef</key>
			<string>ABC6771D1CF707C100B520A6</string>
			<key>isa</key>
			<string>PBXBuildFile</string>
		</dict>
		<key>ABC6771F1CF707C100B520A6</key>
		<dict>
			<key>children</key>
			<array>
				<string>ABC677201CF707C100B520A6</string>
			</array>
			<key>isa</key>
			<string>PBXVariantGroup</string>
			<key>name</key>
			<string>LaunchScreen.storyboard</string>
			<key>sourceTree</key>
			<string>&lt;group&gt;</string>
		</dict>
		<key>ABC677201CF707C100B520A6</key>
		<dict>
			<key>isa</key>
			<string>PBXFileReference</string>
			<key>lastKnownFileType</key>
			<string>file.storyboard</string>
			<key>name</key>
			<string>Base</string>
			<key>path</key>
			<string>Base.lproj/LaunchScreen.storyboard</string>
			<key>sourceTree</key>
			<string>&lt;group&gt;</string>
		</dict>
		<key>ABC677211CF707C100B520A6</key>
		<dict>
			<key>fileRef</key>
			<string>ABC6771F1CF707C100B520A6</string>
			<key>isa</key>
			<string>PBXBuildFile</string>
		</dict>
		<key>ABC677221CF707C100B520A6</key>
		<dict>
			<key>isa</key>
			<string>PBXFileReference</string>
			<key>lastKnownFileType</key>
			<string>text.plist.xml</string>
			<key>path</key>
			<string>Info.plist</string>
			<key>sourceTree</key>
			<string>&lt;group&gt;</string>
		</dict>
		<key>ABC677231CF707C100B520A6</key>
		<dict>
			<key>buildSettings</key>
			<dict>
				<key>ALWAYS_SEARCH_USER_PATHS</key>
				<string>NO</string>
				<key>CLANG_CXX_LANGUAGE_STANDARD</key>
				<string>gnu++0x</string>
				<key>CLANG_CXX_LIBRARY</key>
				<string>libc++</string>
				<key>CLANG_ENABLE_MODULES</key>
				<string>YES</string>
				<key>CLANG_ENABLE_OBJC_ARC</key>
				<string>YES</string>
				<key>CLANG_WARN_BOOL_CONVERSION</key>
				<string>YES</string>
				<key>CLANG_WARN_CONSTANT_CONVERSION</key>
				<string>YES</string>
				<key>CLANG_WARN_DIRECT_OBJC_ISA_USAGE</key>
				<string>YES_ERROR</string>
				<key>CLANG_WARN_EMPTY_BODY</key>
				<string>YES</string>
				<key>CLANG_WARN_ENUM_CONVERSION</key>
				<string>YES</string>
				<key>CLANG_WARN_INT_CONVERSION</key>
				<string>YES</string>
				<key>CLANG_WARN_OBJC_ROOT_CLASS</key>
				<string>YES_ERROR</string>
				<key>CLANG_WARN_UNREACHABLE_CODE</key>
				<string>YES</string>
				<key>CLANG_WARN__DUPLICATE_METHOD_MATCH</key>
				<string>YES</string>
				<key>CODE_SIGN_IDENTITY[sdk=iphoneos*]</key>
				<string>iPhone Developer</string>
				<key>COPY_PHASE_STRIP</key>
				<string>NO</string>
				<key>DEBUG_INFORMATION_FORMAT</key>
				<string>dwarf</string>
				<key>ENABLE_STRICT_OBJC_MSGSEND</key>
				<string>YES</string>
				<key>ENABLE_TESTABILITY</key>
				<string>YES</string>
				<key>GCC_C_LANGUAGE_STANDARD</key>
				<string>gnu99</string>
				<key>GCC_DYNAMIC_NO_PIC</key>
				<string>NO</string>
				<key>GCC_NO_COMMON_BLOCKS</key>
				<string>YES</string>
				<key>GCC_OPTIMIZATION_LEVEL</key>
				<string>0</string>
				<key>GCC_PREPROCESSOR_DEFINITIONS</key>
				<array>
					<string>DEBUG=1</string>
					<string>$(inherited)</string>
				</array>
				<key>GCC_WARN_64_TO_32_BIT_CONVERSION</key>
				<string>YES</string>
				<key>GCC_WARN_ABOUT_RETURN_TYPE</key>
				<string>YES_ERROR</string>
				<key>GCC_WARN_UNDECLARED_SELECTOR</key>
				<string>YES</string>
				<key>GCC_WARN_UNINITIALIZED_AUTOS</key>
				<string>YES_AGGRESSIVE</string>
				<key>GCC_WARN_UNUSED_FUNCTION</key>
				<string>YES</string>
				<key>GCC_WARN_UNUSED_VARIABLE</key>
				<string>YES</string>
				<key>IPHONEOS_DEPLOYMENT_TARGET</key>
				<string>9.2</string>
				<key>MTL_ENABLE_DEBUG_INFO</key>
				<string>YES</string>
				<key>ONLY_ACTIVE_ARCH</key>
				<string>YES</string>
				<key>SDKROOT</key>
				<string>iphoneos</string>
			</dict>
			<key>isa</key>
			<string>XCBuildConfiguration</string>
			<key>name</key>
			<string>Debug</string>
		</dict>
		<key>ABC677241CF707C100B520A6</key>
		<dict>
			<key>buildSettings</key>
			<dict>
				<key>ALWAYS_SEARCH_USER_PATHS</key>
				<string>NO</string>
				<key>CLANG_CXX_LANGUAGE_STANDARD</key>
				<string>gnu++0x</string>
				<key>CLANG_CXX_LIBRARY</key>
				<string>libc++</string>
				<key>CLANG_ENABLE_MODULES</key>
				<string>YES</string>
				<key>CLANG_ENABLE_OBJC_ARC</key>
				<string>YES</string>
				<key>CLANG_WARN_BOOL_CONVERSION</key>
				<string>YES</string>
				<key>CLANG_WARN_CONSTANT_CONVERSION</key>
				<string>YES</string>
				<key>CLANG_WARN_DIRECT_OBJC_ISA_USAGE</key>
				<string>YES_ERROR</string>
				<key>CLANG_WARN_EMPTY_BODY</key>
				<string>YES</string>
				<key>CLANG_WARN_ENUM_CONVERSION</key>
				<string>YES</string>
				<key>CLANG_WARN_INT_CONVERSION</key>
				<string>YES</string>
				<key>CLANG_WARN_OBJC_ROOT_CLASS</key>
				<string>YES_ERROR</string>
				<key>CLANG_WARN_UNREACHABLE_CODE</key>
				<string>YES</string>
				<key>CLANG_WARN__DUPLICATE_METHOD_MATCH</key>
				<string>YES</string>
				<key>CODE_SIGN_IDENTITY[sdk=iphoneos*]</key>
				<string>iPhone Developer</string>
				<key>COPY_PHASE_STRIP</key>
				<string>NO</string>
				<key>DEBUG_INFORMATION_FORMAT</key>
				<string>dwarf-with-dsym</string>
				<key>ENABLE_NS_ASSERTIONS</key>
				<string>NO</string>
				<key>ENABLE_STRICT_OBJC_MSGSEND</key>
				<string>YES</string>
				<key>GCC_C_LANGUAGE_STANDARD</key>
				<string>gnu99</string>
				<key>GCC_NO_COMMON_BLOCKS</key>
				<string>YES</string>
				<key>GCC_WARN_64_TO_32_BIT_CONVERSION</key>
				<string>YES</string>
				<key>GCC_WARN_ABOUT_RETURN_TYPE</key>
				<string>YES_ERROR</string>
				<key>GCC_WARN_UNDECLARED_SELECTOR</key>
				<string>YES</string>
				<key>GCC_WARN_UNINITIALIZED_AUTOS</key>
				<string>YES_AGGRESSIVE</string>
				<key>GCC_WARN_UNUSED_FUNCTION</key>
				<string>YES</string>
				<key>GCC_WARN_UNUSED_VARIABLE</key>
				<string>YES</string>
				<key>IPHONEOS_DEPLOYMENT_TARGET</key>
				<string>9.2</string>
				<key>MTL_ENABLE_DEBUG_INFO</key>
				<string>NO</string>
				<key>SDKROOT</key>
				<string>iphoneos</string>
				<key>VALIDATE_PRODUCT</key>
				<string>YES</string>
			</dict>
			<key>isa</key>
			<string>XCBuildConfiguration</string>
			<key>name</key>
			<string>Release</string>
		</dict>
		<key>ABC677251CF707C100B520A6</key>
		<dict>
			<key>buildConfigurations</key>
			<array>
				<string>ABC677261CF707C100B520A6</string>
				<string>ABC677271CF707C100B520A6</string>
			</array>
			<key>defaultConfigurationIsVisible</key>
			<string>0</string>
			<key>defaultConfigurationName</key>
			<string>Release</string>
			<key>isa</key>
			<string>XCConfigurationList</string>
		</dict>
		<key>ABC677261CF707C100B520A6</key>
		<dict>
			<key>baseConfigurationReference</key>
			<string>47AEE7F0CEEB2B4E104FE886</string>
			<key>buildSettings</key>
			<dict>
				<key>ASSETCATALOG_COMPILER_APPICON_NAME</key>
				<string>AppIcon</string>
				<key>INFOPLIST_FILE</key>
				<string>CTNetworking/Info.plist</string>
				<key>IPHONEOS_DEPLOYMENT_TARGET</key>
				<string>8.0</string>
				<key>LD_RUNPATH_SEARCH_PATHS</key>
				<string>$(inherited) @executable_path/Frameworks</string>
				<key>PRODUCT_BUNDLE_IDENTIFIER</key>
				<string>me.longfan.CTNetworking</string>
				<key>PRODUCT_NAME</key>
				<string>$(TARGET_NAME)</string>
			</dict>
			<key>isa</key>
			<string>XCBuildConfiguration</string>
			<key>name</key>
			<string>Debug</string>
		</dict>
		<key>ABC677271CF707C100B520A6</key>
		<dict>
			<key>baseConfigurationReference</key>
			<string>4ADD3645D6296652217469EC</string>
			<key>buildSettings</key>
			<dict>
				<key>ASSETCATALOG_COMPILER_APPICON_NAME</key>
				<string>AppIcon</string>
				<key>INFOPLIST_FILE</key>
				<string>CTNetworking/Info.plist</string>
				<key>IPHONEOS_DEPLOYMENT_TARGET</key>
				<string>8.0</string>
				<key>LD_RUNPATH_SEARCH_PATHS</key>
				<string>$(inherited) @executable_path/Frameworks</string>
				<key>PRODUCT_BUNDLE_IDENTIFIER</key>
				<string>me.longfan.CTNetworking</string>
				<key>PRODUCT_NAME</key>
				<string>$(TARGET_NAME)</string>
			</dict>
			<key>isa</key>
			<string>XCBuildConfiguration</string>
			<key>name</key>
			<string>Release</string>
		</dict>
		<key>ABC677A71CF7102B00B520A6</key>
		<dict>
			<key>isa</key>
			<string>PBXFileReference</string>
			<key>lastKnownFileType</key>
			<string>sourcecode.c.h</string>
			<key>name</key>
			<string>CommonHeader.h</string>
			<key>path</key>
			<string>../CommonHeader.h</string>
			<key>sourceTree</key>
			<string>&lt;group&gt;</string>
		</dict>
		<key>ABC677FA1CF7109400B520A6</key>
		<dict>
			<key>children</key>
			<array>
				<string>ABC677A71CF7102B00B520A6</string>
				<string>ABC677171CF707C100B520A6</string>
				<string>ABC677181CF707C100B520A6</string>
				<string>ABC677FB1CF7109400B520A6</string>
				<string>ABC678241CF7138900B520A6</string>
				<string>ABC678001CF7109400B520A6</string>
			</array>
			<key>isa</key>
			<string>PBXGroup</string>
			<key>name</key>
			<string>Demo</string>
			<key>path</key>
			<string>TestCase</string>
			<key>sourceTree</key>
			<string>&lt;group&gt;</string>
		</dict>
		<key>ABC677FB1CF7109400B520A6</key>
		<dict>
			<key>children</key>
			<array>
				<string>ABC677FC1CF7109400B520A6</string>
				<string>ABC677FD1CF7109400B520A6</string>
			</array>
			<key>isa</key>
			<string>PBXGroup</string>
			<key>path</key>
			<string>TestAPIManager</string>
			<key>sourceTree</key>
			<string>&lt;group&gt;</string>
		</dict>
		<key>ABC677FC1CF7109400B520A6</key>
		<dict>
			<key>fileEncoding</key>
			<string>4</string>
			<key>isa</key>
			<string>PBXFileReference</string>
			<key>lastKnownFileType</key>
			<string>sourcecode.c.h</string>
			<key>path</key>
			<string>TestAPIManager.h</string>
			<key>sourceTree</key>
			<string>&lt;group&gt;</string>
		</dict>
		<key>ABC677FD1CF7109400B520A6</key>
		<dict>
			<key>fileEncoding</key>
			<string>4</string>
			<key>isa</key>
			<string>PBXFileReference</string>
			<key>lastKnownFileType</key>
			<string>sourcecode.c.objc</string>
			<key>path</key>
			<string>TestAPIManager.m</string>
			<key>sourceTree</key>
			<string>&lt;group&gt;</string>
		</dict>
		<key>ABC678001CF7109400B520A6</key>
		<dict>
			<key>children</key>
			<array>
				<string>ABC678011CF7109400B520A6</string>
			</array>
			<key>isa</key>
			<string>PBXGroup</string>
			<key>path</key>
			<string>TestCaseList</string>
			<key>sourceTree</key>
			<string>&lt;group&gt;</string>
		</dict>
		<key>ABC678011CF7109400B520A6</key>
		<dict>
			<key>children</key>
			<array>
				<string>ABC678021CF7109400B520A6</string>
				<string>ABC678031CF7109400B520A6</string>
			</array>
			<key>isa</key>
			<string>PBXGroup</string>
			<key>path</key>
			<string>FireSingleAPI</string>
			<key>sourceTree</key>
			<string>&lt;group&gt;</string>
		</dict>
		<key>ABC678021CF7109400B520A6</key>
		<dict>
			<key>fileEncoding</key>
			<string>4</string>
			<key>isa</key>
			<string>PBXFileReference</string>
			<key>lastKnownFileType</key>
			<string>sourcecode.c.h</string>
			<key>path</key>
			<string>FireSingleAPI.h</string>
			<key>sourceTree</key>
			<string>&lt;group&gt;</string>
		</dict>
		<key>ABC678031CF7109400B520A6</key>
		<dict>
			<key>fileEncoding</key>
			<string>4</string>
			<key>isa</key>
			<string>PBXFileReference</string>
			<key>lastKnownFileType</key>
			<string>sourcecode.c.objc</string>
			<key>path</key>
			<string>FireSingleAPI.m</string>
			<key>sourceTree</key>
			<string>&lt;group&gt;</string>
		</dict>
		<key>ABC678211CF7109400B520A6</key>
		<dict>
			<key>fileRef</key>
			<string>ABC677FD1CF7109400B520A6</string>
			<key>isa</key>
			<string>PBXBuildFile</string>
		</dict>
		<key>ABC678231CF7109400B520A6</key>
		<dict>
			<key>fileRef</key>
			<string>ABC678031CF7109400B520A6</string>
			<key>isa</key>
			<string>PBXBuildFile</string>
		</dict>
		<key>ABC678241CF7138900B520A6</key>
		<dict>
			<key>children</key>
			<array>
				<string>ABC678251CF7138900B520A6</string>
				<string>ABC678261CF7138900B520A6</string>
			</array>
			<key>isa</key>
			<string>PBXGroup</string>
			<key>path</key>
			<string>TestFactory</string>
			<key>sourceTree</key>
			<string>&lt;group&gt;</string>
		</dict>
		<key>ABC678251CF7138900B520A6</key>
		<dict>
			<key>fileEncoding</key>
			<string>4</string>
			<key>isa</key>
			<string>PBXFileReference</string>
			<key>lastKnownFileType</key>
			<string>sourcecode.c.h</string>
			<key>path</key>
			<string>TestCaseFactory.h</string>
			<key>sourceTree</key>
			<string>&lt;group&gt;</string>
		</dict>
		<key>ABC678261CF7138900B520A6</key>
		<dict>
			<key>fileEncoding</key>
			<string>4</string>
			<key>isa</key>
			<string>PBXFileReference</string>
			<key>lastKnownFileType</key>
			<string>sourcecode.c.objc</string>
			<key>path</key>
			<string>TestCaseFactory.m</string>
			<key>sourceTree</key>
			<string>&lt;group&gt;</string>
		</dict>
		<key>ABC678271CF7138900B520A6</key>
		<dict>
			<key>fileRef</key>
			<string>ABC678261CF7138900B520A6</string>
			<key>isa</key>
			<string>PBXBuildFile</string>
		</dict>
		<key>ABC678281CF7251400B520A6</key>
		<dict>
			<key>children</key>
			<array>
				<string>ABC678531CF7251400B520A6</string>
				<string>ABC678291CF7251400B520A6</string>
				<string>ABC678381CF7251400B520A6</string>
				<string>ABC678551CF7251400B520A6</string>
				<string>ABC678621CF7251400B520A6</string>
			</array>
			<key>isa</key>
			<string>PBXGroup</string>
			<key>path</key>
			<string>CTNetworking</string>
			<key>sourceTree</key>
			<string>&lt;group&gt;</string>
		</dict>
		<key>ABC678291CF7251400B520A6</key>
		<dict>
			<key>children</key>
			<array>
				<string>ABC6782A1CF7251400B520A6</string>
				<string>ABC6782B1CF7251400B520A6</string>
				<string>ABC6782C1CF7251400B520A6</string>
				<string>ABC6782D1CF7251400B520A6</string>
				<string>ABC6782E1CF7251400B520A6</string>
				<string>ABC6782F1CF7251400B520A6</string>
				<string>ABC678301CF7251400B520A6</string>
				<string>ABC678311CF7251400B520A6</string>
				<string>ABC678321CF7251400B520A6</string>
				<string>ABC678331CF7251400B520A6</string>
				<string>ABC678341CF7251400B520A6</string>
				<string>ABC678351CF7251400B520A6</string>
				<string>ABC678361CF7251400B520A6</string>
				<string>ABC678371CF7251400B520A6</string>
			</array>
			<key>isa</key>
			<string>PBXGroup</string>
			<key>path</key>
			<string>Categories</string>
			<key>sourceTree</key>
			<string>&lt;group&gt;</string>
		</dict>
		<key>ABC6782A1CF7251400B520A6</key>
		<dict>
			<key>fileEncoding</key>
			<string>4</string>
			<key>isa</key>
			<string>PBXFileReference</string>
			<key>lastKnownFileType</key>
			<string>sourcecode.c.h</string>
			<key>path</key>
			<string>NSArray+AXNetworkingMethods.h</string>
			<key>sourceTree</key>
			<string>&lt;group&gt;</string>
		</dict>
		<key>ABC6782B1CF7251400B520A6</key>
		<dict>
			<key>fileEncoding</key>
			<string>4</string>
			<key>isa</key>
			<string>PBXFileReference</string>
			<key>lastKnownFileType</key>
			<string>sourcecode.c.objc</string>
			<key>path</key>
			<string>NSArray+AXNetworkingMethods.m</string>
			<key>sourceTree</key>
			<string>&lt;group&gt;</string>
		</dict>
		<key>ABC6782C1CF7251400B520A6</key>
		<dict>
			<key>fileEncoding</key>
			<string>4</string>
			<key>isa</key>
			<string>PBXFileReference</string>
			<key>lastKnownFileType</key>
			<string>sourcecode.c.h</string>
			<key>path</key>
			<string>NSDictionary+AXNetworkingMethods.h</string>
			<key>sourceTree</key>
			<string>&lt;group&gt;</string>
		</dict>
		<key>ABC6782D1CF7251400B520A6</key>
		<dict>
			<key>fileEncoding</key>
			<string>4</string>
			<key>isa</key>
			<string>PBXFileReference</string>
			<key>lastKnownFileType</key>
			<string>sourcecode.c.objc</string>
			<key>path</key>
			<string>NSDictionary+AXNetworkingMethods.m</string>
			<key>sourceTree</key>
			<string>&lt;group&gt;</string>
		</dict>
		<key>ABC6782E1CF7251400B520A6</key>
		<dict>
			<key>fileEncoding</key>
			<string>4</string>
			<key>isa</key>
			<string>PBXFileReference</string>
			<key>lastKnownFileType</key>
			<string>sourcecode.c.h</string>
			<key>path</key>
			<string>NSMutableString+AXNetworkingMethods.h</string>
			<key>sourceTree</key>
			<string>&lt;group&gt;</string>
		</dict>
		<key>ABC6782F1CF7251400B520A6</key>
		<dict>
			<key>fileEncoding</key>
			<string>4</string>
			<key>isa</key>
			<string>PBXFileReference</string>
			<key>lastKnownFileType</key>
			<string>sourcecode.c.objc</string>
			<key>path</key>
			<string>NSMutableString+AXNetworkingMethods.m</string>
			<key>sourceTree</key>
			<string>&lt;group&gt;</string>
		</dict>
		<key>ABC678301CF7251400B520A6</key>
		<dict>
			<key>fileEncoding</key>
			<string>4</string>
			<key>isa</key>
			<string>PBXFileReference</string>
			<key>lastKnownFileType</key>
			<string>sourcecode.c.h</string>
			<key>path</key>
			<string>NSObject+AXNetworkingMethods.h</string>
			<key>sourceTree</key>
			<string>&lt;group&gt;</string>
		</dict>
		<key>ABC678311CF7251400B520A6</key>
		<dict>
			<key>fileEncoding</key>
			<string>4</string>
			<key>isa</key>
			<string>PBXFileReference</string>
			<key>lastKnownFileType</key>
			<string>sourcecode.c.objc</string>
			<key>path</key>
			<string>NSObject+AXNetworkingMethods.m</string>
			<key>sourceTree</key>
			<string>&lt;group&gt;</string>
		</dict>
		<key>ABC678321CF7251400B520A6</key>
		<dict>
			<key>fileEncoding</key>
			<string>4</string>
			<key>isa</key>
			<string>PBXFileReference</string>
			<key>lastKnownFileType</key>
			<string>sourcecode.c.h</string>
			<key>path</key>
			<string>NSString+AXNetworkingMethods.h</string>
			<key>sourceTree</key>
			<string>&lt;group&gt;</string>
		</dict>
		<key>ABC678331CF7251400B520A6</key>
		<dict>
			<key>fileEncoding</key>
			<string>4</string>
			<key>isa</key>
			<string>PBXFileReference</string>
			<key>lastKnownFileType</key>
			<string>sourcecode.c.objc</string>
			<key>path</key>
			<string>NSString+AXNetworkingMethods.m</string>
			<key>sourceTree</key>
			<string>&lt;group&gt;</string>
		</dict>
		<key>ABC678341CF7251400B520A6</key>
		<dict>
			<key>fileEncoding</key>
			<string>4</string>
			<key>isa</key>
			<string>PBXFileReference</string>
			<key>lastKnownFileType</key>
			<string>sourcecode.c.h</string>
			<key>path</key>
			<string>NSURLRequest+CTNetworkingMethods.h</string>
			<key>sourceTree</key>
			<string>&lt;group&gt;</string>
		</dict>
		<key>ABC678351CF7251400B520A6</key>
		<dict>
			<key>fileEncoding</key>
			<string>4</string>
			<key>isa</key>
			<string>PBXFileReference</string>
			<key>lastKnownFileType</key>
			<string>sourcecode.c.objc</string>
			<key>path</key>
			<string>NSURLRequest+CTNetworkingMethods.m</string>
			<key>sourceTree</key>
			<string>&lt;group&gt;</string>
		</dict>
		<key>ABC678361CF7251400B520A6</key>
		<dict>
			<key>fileEncoding</key>
			<string>4</string>
			<key>isa</key>
			<string>PBXFileReference</string>
			<key>lastKnownFileType</key>
			<string>sourcecode.c.h</string>
			<key>path</key>
			<string>UIDevice+IdentifierAddition.h</string>
			<key>sourceTree</key>
			<string>&lt;group&gt;</string>
		</dict>
		<key>ABC678371CF7251400B520A6</key>
		<dict>
			<key>fileEncoding</key>
			<string>4</string>
			<key>isa</key>
			<string>PBXFileReference</string>
			<key>lastKnownFileType</key>
			<string>sourcecode.c.objc</string>
			<key>path</key>
			<string>UIDevice+IdentifierAddition.m</string>
			<key>sourceTree</key>
			<string>&lt;group&gt;</string>
		</dict>
		<key>ABC678381CF7251400B520A6</key>
		<dict>
			<key>children</key>
			<array>
				<string>ABC678471CF7251400B520A6</string>
				<string>ABC678391CF7251400B520A6</string>
				<string>ABC6783F1CF7251400B520A6</string>
				<string>ABC678421CF7251400B520A6</string>
				<string>ABC678481CF7251400B520A6</string>
				<string>ABC6784B1CF7251400B520A6</string>
				<string>ABC678501CF7251400B520A6</string>
			</array>
			<key>isa</key>
			<string>PBXGroup</string>
			<key>path</key>
			<string>Components</string>
			<key>sourceTree</key>
			<string>&lt;group&gt;</string>
		</dict>
		<key>ABC678391CF7251400B520A6</key>
		<dict>
			<key>children</key>
			<array>
				<string>ABC6783A1CF7251400B520A6</string>
				<string>ABC6783B1CF7251400B520A6</string>
			</array>
			<key>isa</key>
			<string>PBXGroup</string>
			<key>path</key>
			<string>APIProxy</string>
			<key>sourceTree</key>
			<string>&lt;group&gt;</string>
		</dict>
		<key>ABC6783A1CF7251400B520A6</key>
		<dict>
			<key>fileEncoding</key>
			<string>4</string>
			<key>isa</key>
			<string>PBXFileReference</string>
			<key>lastKnownFileType</key>
			<string>sourcecode.c.h</string>
			<key>path</key>
			<string>CTApiProxy.h</string>
			<key>sourceTree</key>
			<string>&lt;group&gt;</string>
		</dict>
		<key>ABC6783B1CF7251400B520A6</key>
		<dict>
			<key>fileEncoding</key>
			<string>4</string>
			<key>isa</key>
			<string>PBXFileReference</string>
			<key>lastKnownFileType</key>
			<string>sourcecode.c.objc</string>
			<key>path</key>
			<string>CTApiProxy.m</string>
			<key>sourceTree</key>
			<string>&lt;group&gt;</string>
		</dict>
		<key>ABC6783F1CF7251400B520A6</key>
		<dict>
			<key>children</key>
			<array>
				<string>ABC678401CF7251400B520A6</string>
				<string>ABC678411CF7251400B520A6</string>
			</array>
			<key>isa</key>
			<string>PBXGroup</string>
			<key>path</key>
			<string>BaseAPIManager</string>
			<key>sourceTree</key>
			<string>&lt;group&gt;</string>
		</dict>
		<key>ABC678401CF7251400B520A6</key>
		<dict>
			<key>fileEncoding</key>
			<string>4</string>
			<key>isa</key>
			<string>PBXFileReference</string>
			<key>lastKnownFileType</key>
			<string>sourcecode.c.h</string>
			<key>path</key>
			<string>CTAPIBaseManager.h</string>
			<key>sourceTree</key>
			<string>&lt;group&gt;</string>
		</dict>
		<key>ABC678411CF7251400B520A6</key>
		<dict>
			<key>fileEncoding</key>
			<string>4</string>
			<key>isa</key>
			<string>PBXFileReference</string>
			<key>lastKnownFileType</key>
			<string>sourcecode.c.objc</string>
			<key>path</key>
			<string>CTAPIBaseManager.m</string>
			<key>sourceTree</key>
			<string>&lt;group&gt;</string>
		</dict>
		<key>ABC678421CF7251400B520A6</key>
		<dict>
			<key>children</key>
			<array>
				<string>ABC678431CF7251400B520A6</string>
				<string>ABC678441CF7251400B520A6</string>
				<string>ABC678451CF7251400B520A6</string>
				<string>ABC678461CF7251400B520A6</string>
			</array>
			<key>isa</key>
			<string>PBXGroup</string>
			<key>path</key>
			<string>CacheComponents</string>
			<key>sourceTree</key>
			<string>&lt;group&gt;</string>
		</dict>
		<key>ABC678431CF7251400B520A6</key>
		<dict>
			<key>fileEncoding</key>
			<string>4</string>
			<key>isa</key>
			<string>PBXFileReference</string>
			<key>lastKnownFileType</key>
			<string>sourcecode.c.h</string>
			<key>path</key>
			<string>CTCache.h</string>
			<key>sourceTree</key>
			<string>&lt;group&gt;</string>
		</dict>
		<key>ABC678441CF7251400B520A6</key>
		<dict>
			<key>fileEncoding</key>
			<string>4</string>
			<key>isa</key>
			<string>PBXFileReference</string>
			<key>lastKnownFileType</key>
			<string>sourcecode.c.objc</string>
			<key>path</key>
			<string>CTCache.m</string>
			<key>sourceTree</key>
			<string>&lt;group&gt;</string>
		</dict>
		<key>ABC678451CF7251400B520A6</key>
		<dict>
			<key>fileEncoding</key>
			<string>4</string>
			<key>isa</key>
			<string>PBXFileReference</string>
			<key>lastKnownFileType</key>
			<string>sourcecode.c.h</string>
			<key>path</key>
			<string>CTCachedObject.h</string>
			<key>sourceTree</key>
			<string>&lt;group&gt;</string>
		</dict>
		<key>ABC678461CF7251400B520A6</key>
		<dict>
			<key>fileEncoding</key>
			<string>4</string>
			<key>isa</key>
			<string>PBXFileReference</string>
			<key>lastKnownFileType</key>
			<string>sourcecode.c.objc</string>
			<key>path</key>
			<string>CTCachedObject.m</string>
			<key>sourceTree</key>
			<string>&lt;group&gt;</string>
		</dict>
		<key>ABC678471CF7251400B520A6</key>
		<dict>
			<key>fileEncoding</key>
			<string>4</string>
			<key>isa</key>
			<string>PBXFileReference</string>
			<key>lastKnownFileType</key>
			<string>text.plist.xml</string>
			<key>path</key>
			<string>iPhoneTypeDefine.plist</string>
			<key>sourceTree</key>
			<string>&lt;group&gt;</string>
		</dict>
		<key>ABC678481CF7251400B520A6</key>
		<dict>
			<key>children</key>
			<array>
				<string>ABC678491CF7251400B520A6</string>
				<string>ABC6784A1CF7251400B520A6</string>
			</array>
			<key>isa</key>
			<string>PBXGroup</string>
			<key>path</key>
			<string>LocationManager</string>
			<key>sourceTree</key>
			<string>&lt;group&gt;</string>
		</dict>
		<key>ABC678491CF7251400B520A6</key>
		<dict>
			<key>fileEncoding</key>
			<string>4</string>
			<key>isa</key>
			<string>PBXFileReference</string>
			<key>lastKnownFileType</key>
			<string>sourcecode.c.h</string>
			<key>path</key>
			<string>CTLocationManager.h</string>
			<key>sourceTree</key>
			<string>&lt;group&gt;</string>
		</dict>
		<key>ABC6784A1CF7251400B520A6</key>
		<dict>
			<key>fileEncoding</key>
			<string>4</string>
			<key>isa</key>
			<string>PBXFileReference</string>
			<key>lastKnownFileType</key>
			<string>sourcecode.c.objc</string>
			<key>path</key>
			<string>CTLocationManager.m</string>
			<key>sourceTree</key>
			<string>&lt;group&gt;</string>
		</dict>
		<key>ABC6784B1CF7251400B520A6</key>
		<dict>
			<key>children</key>
			<array>
				<string>ABC6784C1CF7251400B520A6</string>
				<string>ABC6784D1CF7251400B520A6</string>
			</array>
			<key>isa</key>
			<string>PBXGroup</string>
			<key>path</key>
			<string>LogComponents</string>
			<key>sourceTree</key>
			<string>&lt;group&gt;</string>
		</dict>
		<key>ABC6784C1CF7251400B520A6</key>
		<dict>
			<key>fileEncoding</key>
			<string>4</string>
			<key>isa</key>
			<string>PBXFileReference</string>
			<key>lastKnownFileType</key>
			<string>sourcecode.c.h</string>
			<key>path</key>
			<string>CTLogger.h</string>
			<key>sourceTree</key>
			<string>&lt;group&gt;</string>
		</dict>
		<key>ABC6784D1CF7251400B520A6</key>
		<dict>
			<key>fileEncoding</key>
			<string>4</string>
			<key>isa</key>
			<string>PBXFileReference</string>
			<key>lastKnownFileType</key>
			<string>sourcecode.c.objc</string>
			<key>path</key>
			<string>CTLogger.m</string>
			<key>sourceTree</key>
			<string>&lt;group&gt;</string>
		</dict>
		<key>ABC678501CF7251400B520A6</key>
		<dict>
			<key>children</key>
			<array>
				<string>ABC678511CF7251400B520A6</string>
				<string>ABC678521CF7251400B520A6</string>
			</array>
			<key>isa</key>
			<string>PBXGroup</string>
			<key>path</key>
			<string>URLResponse</string>
			<key>sourceTree</key>
			<string>&lt;group&gt;</string>
		</dict>
		<key>ABC678511CF7251400B520A6</key>
		<dict>
			<key>fileEncoding</key>
			<string>4</string>
			<key>isa</key>
			<string>PBXFileReference</string>
			<key>lastKnownFileType</key>
			<string>sourcecode.c.h</string>
			<key>path</key>
			<string>CTURLResponse.h</string>
			<key>sourceTree</key>
			<string>&lt;group&gt;</string>
		</dict>
		<key>ABC678521CF7251400B520A6</key>
		<dict>
			<key>fileEncoding</key>
			<string>4</string>
			<key>isa</key>
			<string>PBXFileReference</string>
			<key>lastKnownFileType</key>
			<string>sourcecode.c.objc</string>
			<key>path</key>
			<string>CTURLResponse.m</string>
			<key>sourceTree</key>
			<string>&lt;group&gt;</string>
		</dict>
		<key>ABC678531CF7251400B520A6</key>
		<dict>
			<key>fileEncoding</key>
			<string>4</string>
			<key>isa</key>
			<string>PBXFileReference</string>
			<key>lastKnownFileType</key>
			<string>sourcecode.c.h</string>
			<key>path</key>
			<string>CTNetworking.h</string>
			<key>sourceTree</key>
			<string>&lt;group&gt;</string>
		</dict>
		<key>ABC678551CF7251400B520A6</key>
		<dict>
			<key>children</key>
			<array>
				<string>ABC678561CF7251400B520A6</string>
				<string>ABC678591CF7251400B520A6</string>
				<string>ABC6785C1CF7251400B520A6</string>
				<string>ABC6785F1CF7251400B520A6</string>
			</array>
			<key>isa</key>
			<string>PBXGroup</string>
			<key>path</key>
			<string>Generators</string>
			<key>sourceTree</key>
			<string>&lt;group&gt;</string>
		</dict>
		<key>ABC678561CF7251400B520A6</key>
		<dict>
			<key>children</key>
			<array>
				<string>ABC678571CF7251400B520A6</string>
				<string>ABC678581CF7251400B520A6</string>
			</array>
			<key>isa</key>
			<string>PBXGroup</string>
			<key>path</key>
			<string>CommonParamsGenerator</string>
			<key>sourceTree</key>
			<string>&lt;group&gt;</string>
		</dict>
		<key>ABC678571CF7251400B520A6</key>
		<dict>
			<key>fileEncoding</key>
			<string>4</string>
			<key>isa</key>
			<string>PBXFileReference</string>
			<key>lastKnownFileType</key>
			<string>sourcecode.c.h</string>
			<key>path</key>
			<string>CTCommonParamsGenerator.h</string>
			<key>sourceTree</key>
			<string>&lt;group&gt;</string>
		</dict>
		<key>ABC678581CF7251400B520A6</key>
		<dict>
			<key>fileEncoding</key>
			<string>4</string>
			<key>isa</key>
			<string>PBXFileReference</string>
			<key>lastKnownFileType</key>
			<string>sourcecode.c.objc</string>
			<key>path</key>
			<string>CTCommonParamsGenerator.m</string>
			<key>sourceTree</key>
			<string>&lt;group&gt;</string>
		</dict>
		<key>ABC678591CF7251400B520A6</key>
		<dict>
			<key>children</key>
			<array>
				<string>ABC6785A1CF7251400B520A6</string>
				<string>ABC6785B1CF7251400B520A6</string>
			</array>
			<key>isa</key>
			<string>PBXGroup</string>
			<key>path</key>
			<string>RequestGenerator</string>
			<key>sourceTree</key>
			<string>&lt;group&gt;</string>
		</dict>
		<key>ABC6785A1CF7251400B520A6</key>
		<dict>
			<key>fileEncoding</key>
			<string>4</string>
			<key>isa</key>
			<string>PBXFileReference</string>
			<key>lastKnownFileType</key>
			<string>sourcecode.c.h</string>
			<key>path</key>
			<string>CTRequestGenerator.h</string>
			<key>sourceTree</key>
			<string>&lt;group&gt;</string>
		</dict>
		<key>ABC6785B1CF7251400B520A6</key>
		<dict>
			<key>fileEncoding</key>
			<string>4</string>
			<key>isa</key>
			<string>PBXFileReference</string>
			<key>lastKnownFileType</key>
			<string>sourcecode.c.objc</string>
			<key>path</key>
			<string>CTRequestGenerator.m</string>
			<key>sourceTree</key>
			<string>&lt;group&gt;</string>
		</dict>
		<key>ABC6785C1CF7251400B520A6</key>
		<dict>
			<key>children</key>
			<array>
				<string>ABC6785D1CF7251400B520A6</string>
				<string>ABC6785E1CF7251400B520A6</string>
			</array>
			<key>isa</key>
			<string>PBXGroup</string>
			<key>path</key>
			<string>SignatureGenerator</string>
			<key>sourceTree</key>
			<string>&lt;group&gt;</string>
		</dict>
		<key>ABC6785D1CF7251400B520A6</key>
		<dict>
			<key>fileEncoding</key>
			<string>4</string>
			<key>isa</key>
			<string>PBXFileReference</string>
			<key>lastKnownFileType</key>
			<string>sourcecode.c.h</string>
			<key>path</key>
			<string>CTSignatureGenerator.h</string>
			<key>sourceTree</key>
			<string>&lt;group&gt;</string>
		</dict>
		<key>ABC6785E1CF7251400B520A6</key>
		<dict>
			<key>fileEncoding</key>
			<string>4</string>
			<key>isa</key>
			<string>PBXFileReference</string>
			<key>lastKnownFileType</key>
			<string>sourcecode.c.objc</string>
			<key>path</key>
			<string>CTSignatureGenerator.m</string>
			<key>sourceTree</key>
			<string>&lt;group&gt;</string>
		</dict>
		<key>ABC6785F1CF7251400B520A6</key>
		<dict>
			<key>children</key>
			<array>
				<string>ABC678601CF7251400B520A6</string>
				<string>ABC678611CF7251400B520A6</string>
			</array>
			<key>isa</key>
			<string>PBXGroup</string>
			<key>path</key>
			<string>UDIDGenerator</string>
			<key>sourceTree</key>
			<string>&lt;group&gt;</string>
		</dict>
		<key>ABC678601CF7251400B520A6</key>
		<dict>
			<key>fileEncoding</key>
			<string>4</string>
			<key>isa</key>
			<string>PBXFileReference</string>
			<key>lastKnownFileType</key>
			<string>sourcecode.c.h</string>
			<key>path</key>
			<string>CTUDIDGenerator.h</string>
			<key>sourceTree</key>
			<string>&lt;group&gt;</string>
		</dict>
		<key>ABC678611CF7251400B520A6</key>
		<dict>
			<key>fileEncoding</key>
			<string>4</string>
			<key>isa</key>
			<string>PBXFileReference</string>
			<key>lastKnownFileType</key>
			<string>sourcecode.c.objc</string>
			<key>path</key>
			<string>CTUDIDGenerator.m</string>
			<key>sourceTree</key>
			<string>&lt;group&gt;</string>
		</dict>
		<key>ABC678621CF7251400B520A6</key>
		<dict>
			<key>children</key>
			<array>
				<string>ABC678651CF7251400B520A6</string>
				<string>ABC678661CF7251400B520A6</string>
				<string>ABC678671CF7251400B520A6</string>
				<string>ABC678681CF7251400B520A6</string>
			</array>
			<key>isa</key>
			<string>PBXGroup</string>
			<key>path</key>
			<string>Services</string>
			<key>sourceTree</key>
			<string>&lt;group&gt;</string>
		</dict>
		<key>ABC678651CF7251400B520A6</key>
		<dict>
			<key>fileEncoding</key>
			<string>4</string>
			<key>isa</key>
			<string>PBXFileReference</string>
			<key>lastKnownFileType</key>
			<string>sourcecode.c.h</string>
			<key>path</key>
			<string>CTService.h</string>
			<key>sourceTree</key>
			<string>&lt;group&gt;</string>
		</dict>
		<key>ABC678661CF7251400B520A6</key>
		<dict>
			<key>fileEncoding</key>
			<string>4</string>
			<key>isa</key>
			<string>PBXFileReference</string>
			<key>lastKnownFileType</key>
			<string>sourcecode.c.objc</string>
			<key>path</key>
			<string>CTService.m</string>
			<key>sourceTree</key>
			<string>&lt;group&gt;</string>
		</dict>
		<key>ABC678671CF7251400B520A6</key>
		<dict>
			<key>fileEncoding</key>
			<string>4</string>
			<key>isa</key>
			<string>PBXFileReference</string>
			<key>lastKnownFileType</key>
			<string>sourcecode.c.h</string>
			<key>path</key>
			<string>CTServiceFactory.h</string>
			<key>sourceTree</key>
			<string>&lt;group&gt;</string>
		</dict>
		<key>ABC678681CF7251400B520A6</key>
		<dict>
			<key>fileEncoding</key>
			<string>4</string>
			<key>isa</key>
			<string>PBXFileReference</string>
			<key>lastKnownFileType</key>
			<string>sourcecode.c.objc</string>
			<key>path</key>
			<string>CTServiceFactory.m</string>
			<key>sourceTree</key>
			<string>&lt;group&gt;</string>
		</dict>
		<key>ABC678701CF7251400B520A6</key>
		<dict>
			<key>fileRef</key>
			<string>ABC6782B1CF7251400B520A6</string>
			<key>isa</key>
			<string>PBXBuildFile</string>
		</dict>
		<key>ABC678711CF7251400B520A6</key>
		<dict>
			<key>fileRef</key>
			<string>ABC6782D1CF7251400B520A6</string>
			<key>isa</key>
			<string>PBXBuildFile</string>
		</dict>
		<key>ABC678721CF7251400B520A6</key>
		<dict>
			<key>fileRef</key>
			<string>ABC6782F1CF7251400B520A6</string>
			<key>isa</key>
			<string>PBXBuildFile</string>
		</dict>
		<key>ABC678731CF7251400B520A6</key>
		<dict>
			<key>fileRef</key>
			<string>ABC678311CF7251400B520A6</string>
			<key>isa</key>
			<string>PBXBuildFile</string>
		</dict>
		<key>ABC678741CF7251400B520A6</key>
		<dict>
			<key>fileRef</key>
			<string>ABC678331CF7251400B520A6</string>
			<key>isa</key>
			<string>PBXBuildFile</string>
		</dict>
		<key>ABC678751CF7251400B520A6</key>
		<dict>
			<key>fileRef</key>
			<string>ABC678351CF7251400B520A6</string>
			<key>isa</key>
			<string>PBXBuildFile</string>
		</dict>
		<key>ABC678761CF7251400B520A6</key>
		<dict>
			<key>fileRef</key>
			<string>ABC678371CF7251400B520A6</string>
			<key>isa</key>
			<string>PBXBuildFile</string>
		</dict>
		<key>ABC678771CF7251400B520A6</key>
		<dict>
			<key>fileRef</key>
			<string>ABC6783B1CF7251400B520A6</string>
			<key>isa</key>
			<string>PBXBuildFile</string>
		</dict>
		<key>ABC678791CF7251400B520A6</key>
		<dict>
			<key>fileRef</key>
			<string>ABC678411CF7251400B520A6</string>
			<key>isa</key>
			<string>PBXBuildFile</string>
		</dict>
		<key>ABC6787A1CF7251400B520A6</key>
		<dict>
			<key>fileRef</key>
			<string>ABC678441CF7251400B520A6</string>
			<key>isa</key>
			<string>PBXBuildFile</string>
		</dict>
		<key>ABC6787B1CF7251400B520A6</key>
		<dict>
			<key>fileRef</key>
			<string>ABC678461CF7251400B520A6</string>
			<key>isa</key>
			<string>PBXBuildFile</string>
		</dict>
		<key>ABC6787C1CF7251400B520A6</key>
		<dict>
			<key>fileRef</key>
			<string>ABC678471CF7251400B520A6</string>
			<key>isa</key>
			<string>PBXBuildFile</string>
		</dict>
		<key>ABC6787D1CF7251400B520A6</key>
		<dict>
			<key>fileRef</key>
			<string>ABC6784A1CF7251400B520A6</string>
			<key>isa</key>
			<string>PBXBuildFile</string>
		</dict>
		<key>ABC6787E1CF7251400B520A6</key>
		<dict>
			<key>fileRef</key>
			<string>ABC6784D1CF7251400B520A6</string>
			<key>isa</key>
			<string>PBXBuildFile</string>
		</dict>
		<key>ABC678801CF7251400B520A6</key>
		<dict>
			<key>fileRef</key>
			<string>ABC678521CF7251400B520A6</string>
			<key>isa</key>
			<string>PBXBuildFile</string>
		</dict>
		<key>ABC678811CF7251400B520A6</key>
		<dict>
			<key>fileRef</key>
			<string>ABC678581CF7251400B520A6</string>
			<key>isa</key>
			<string>PBXBuildFile</string>
		</dict>
		<key>ABC678821CF7251400B520A6</key>
		<dict>
			<key>fileRef</key>
			<string>ABC6785B1CF7251400B520A6</string>
			<key>isa</key>
			<string>PBXBuildFile</string>
		</dict>
		<key>ABC678831CF7251400B520A6</key>
		<dict>
			<key>fileRef</key>
			<string>ABC6785E1CF7251400B520A6</string>
			<key>isa</key>
			<string>PBXBuildFile</string>
		</dict>
		<key>ABC678841CF7251400B520A6</key>
		<dict>
			<key>fileRef</key>
			<string>ABC678611CF7251400B520A6</string>
			<key>isa</key>
			<string>PBXBuildFile</string>
		</dict>
		<key>ABC678851CF7251400B520A6</key>
		<dict>
			<key>fileRef</key>
			<string>ABC678661CF7251400B520A6</string>
			<key>isa</key>
			<string>PBXBuildFile</string>
		</dict>
		<key>ABC678861CF7251400B520A6</key>
		<dict>
			<key>fileRef</key>
			<string>ABC678681CF7251400B520A6</string>
			<key>isa</key>
			<string>PBXBuildFile</string>
		</dict>
		<key>ABC678881CF7271000B520A6</key>
		<dict>
			<key>children</key>
			<array>
				<string>ABC678891CF7271000B520A6</string>
				<string>ABC6788C1CF7271000B520A6</string>
				<string>ABC678911CF7271000B520A6</string>
			</array>
			<key>isa</key>
			<string>PBXGroup</string>
			<key>path</key>
			<string>CTNetworkingCustoms</string>
			<key>sourceTree</key>
			<string>&lt;group&gt;</string>
		</dict>
		<key>ABC678891CF7271000B520A6</key>
		<dict>
			<key>children</key>
			<array>
				<string>ABC6788A1CF7271000B520A6</string>
				<string>ABC6788B1CF7271000B520A6</string>
			</array>
			<key>isa</key>
			<string>PBXGroup</string>
			<key>path</key>
			<string>AppContext</string>
			<key>sourceTree</key>
			<string>&lt;group&gt;</string>
		</dict>
		<key>ABC6788A1CF7271000B520A6</key>
		<dict>
			<key>fileEncoding</key>
			<string>4</string>
			<key>isa</key>
			<string>PBXFileReference</string>
			<key>lastKnownFileType</key>
			<string>sourcecode.c.h</string>
			<key>path</key>
			<string>CTAppContext.h</string>
			<key>sourceTree</key>
			<string>&lt;group&gt;</string>
		</dict>
		<key>ABC6788B1CF7271000B520A6</key>
		<dict>
			<key>fileEncoding</key>
			<string>4</string>
			<key>isa</key>
			<string>PBXFileReference</string>
			<key>lastKnownFileType</key>
			<string>sourcecode.c.objc</string>
			<key>path</key>
			<string>CTAppContext.m</string>
			<key>sourceTree</key>
			<string>&lt;group&gt;</string>
		</dict>
		<key>ABC6788C1CF7271000B520A6</key>
		<dict>
			<key>children</key>
			<array>
				<string>ABC6788D1CF7271000B520A6</string>
				<string>ABC6788E1CF7271000B520A6</string>
				<string>ABC6788F1CF7271000B520A6</string>
				<string>ABC678901CF7271000B520A6</string>
			</array>
			<key>isa</key>
			<string>PBXGroup</string>
			<key>path</key>
			<string>Configurations</string>
			<key>sourceTree</key>
			<string>&lt;group&gt;</string>
		</dict>
		<key>ABC6788D1CF7271000B520A6</key>
		<dict>
			<key>fileEncoding</key>
			<string>4</string>
			<key>isa</key>
			<string>PBXFileReference</string>
			<key>lastKnownFileType</key>
			<string>sourcecode.c.h</string>
			<key>path</key>
			<string>CTLoggerConfiguration.h</string>
			<key>sourceTree</key>
			<string>&lt;group&gt;</string>
		</dict>
		<key>ABC6788E1CF7271000B520A6</key>
		<dict>
			<key>fileEncoding</key>
			<string>4</string>
			<key>isa</key>
			<string>PBXFileReference</string>
			<key>lastKnownFileType</key>
			<string>sourcecode.c.objc</string>
			<key>path</key>
			<string>CTLoggerConfiguration.m</string>
			<key>sourceTree</key>
			<string>&lt;group&gt;</string>
		</dict>
		<key>ABC6788F1CF7271000B520A6</key>
		<dict>
			<key>fileEncoding</key>
			<string>4</string>
			<key>isa</key>
			<string>PBXFileReference</string>
			<key>lastKnownFileType</key>
			<string>sourcecode.c.h</string>
			<key>path</key>
			<string>CTNetworkingConfiguration.h</string>
			<key>sourceTree</key>
			<string>&lt;group&gt;</string>
		</dict>
		<key>ABC678901CF7271000B520A6</key>
		<dict>
			<key>fileEncoding</key>
			<string>4</string>
			<key>isa</key>
			<string>PBXFileReference</string>
			<key>lastKnownFileType</key>
			<string>text.plist.xml</string>
			<key>path</key>
			<string>CTNetworkingConfiguration.plist</string>
			<key>sourceTree</key>
			<string>&lt;group&gt;</string>
		</dict>
		<key>ABC678911CF7271000B520A6</key>
		<dict>
			<key>children</key>
			<array>
				<string>ABC678921CF7271000B520A6</string>
			</array>
			<key>isa</key>
			<string>PBXGroup</string>
			<key>path</key>
			<string>CustomServices</string>
			<key>sourceTree</key>
			<string>&lt;group&gt;</string>
		</dict>
		<key>ABC678921CF7271000B520A6</key>
		<dict>
			<key>children</key>
			<array>
				<string>ABC678931CF7271000B520A6</string>
				<string>ABC678941CF7271000B520A6</string>
			</array>
			<key>isa</key>
			<string>PBXGroup</string>
			<key>path</key>
			<string>GDMapService</string>
			<key>sourceTree</key>
			<string>&lt;group&gt;</string>
		</dict>
		<key>ABC678931CF7271000B520A6</key>
		<dict>
			<key>fileEncoding</key>
			<string>4</string>
			<key>isa</key>
			<string>PBXFileReference</string>
			<key>lastKnownFileType</key>
			<string>sourcecode.c.h</string>
			<key>path</key>
			<string>GDMapService.h</string>
			<key>sourceTree</key>
			<string>&lt;group&gt;</string>
		</dict>
		<key>ABC678941CF7271000B520A6</key>
		<dict>
			<key>fileEncoding</key>
			<string>4</string>
			<key>isa</key>
			<string>PBXFileReference</string>
			<key>lastKnownFileType</key>
			<string>sourcecode.c.objc</string>
			<key>path</key>
			<string>GDMapService.m</string>
			<key>sourceTree</key>
			<string>&lt;group&gt;</string>
		</dict>
		<key>ABC678951CF7271000B520A6</key>
		<dict>
			<key>fileRef</key>
			<string>ABC6788B1CF7271000B520A6</string>
			<key>isa</key>
			<string>PBXBuildFile</string>
		</dict>
		<key>ABC678961CF7271000B520A6</key>
		<dict>
			<key>fileRef</key>
			<string>ABC6788E1CF7271000B520A6</string>
			<key>isa</key>
			<string>PBXBuildFile</string>
		</dict>
		<key>ABC678971CF7271000B520A6</key>
		<dict>
			<key>fileRef</key>
			<string>ABC678901CF7271000B520A6</string>
			<key>isa</key>
			<string>PBXBuildFile</string>
		</dict>
		<key>ABC678981CF7271000B520A6</key>
		<dict>
			<key>fileRef</key>
			<string>ABC678941CF7271000B520A6</string>
			<key>isa</key>
			<string>PBXBuildFile</string>
		</dict>
		<key>DE06A236D403A329298AC8C0</key>
		<dict>
			<key>buildActionMask</key>
			<string>2147483647</string>
			<key>files</key>
			<array/>
			<key>inputPaths</key>
			<array/>
			<key>isa</key>
			<string>PBXShellScriptBuildPhase</string>
			<key>name</key>
			<string>&#128230; Check Pods Manifest.lock</string>
			<key>outputPaths</key>
			<array/>
			<key>runOnlyForDeploymentPostprocessing</key>
			<string>0</string>
			<key>shellPath</key>
			<string>/bin/sh</string>
			<key>shellScript</key>
			<string>diff "${PODS_ROOT}/../Podfile.lock" "${PODS_ROOT}/Manifest.lock" &gt; /dev/null
if [[ $? != 0 ]] ; then
    cat &lt;&lt; EOM
error: The sandbox is not in sync with the Podfile.lock. Run 'pod install' or update your CocoaPods installation.
EOM
    exit 1
fi
</string>
			<key>showEnvVarsInLog</key>
			<string>0</string>
		</dict>
	</dict>
	<key>rootObject</key>
	<string>ABC677061CF707C100B520A6</string>
</dict>
</plist>
