// !$*UTF8*$!
{
	archiveVersion = 1;
	classes = {
	};
	objectVersion = 46;
	objects = {

/* Begin PBXBuildFile section */
		118172816A888E8150338AE0 /* libPods-CTNetworking.a in Frameworks */ = {isa = PBXBuildFile; fileRef = A7E991CD00AE580099C56CF4 /* libPods-CTNetworking.a */; };
		7518BE5A1E9E321C00322FD6 /* LGBaseAPICommand.m in Sources */ = {isa = PBXBuildFile; fileRef = 7518BE591E9E321C00322FD6 /* LGBaseAPICommand.m */; };
		75DEBEDF1E9B5EFC000046DC /* CTHTTPConst.m in Sources */ = {isa = PBXBuildFile; fileRef = 75DEBEDE1E9B5EFC000046DC /* CTHTTPConst.m */; };
		75DEBEEA1E9B68A2000046DC /* CTLoggerConfiguration.m in Sources */ = {isa = PBXBuildFile; fileRef = 75DEBEE61E9B68A2000046DC /* CTLoggerConfiguration.m */; };
		75DEBEEB1E9B68A2000046DC /* CTNetworkingConfiguration.plist in Resources */ = {isa = PBXBuildFile; fileRef = 75DEBEE71E9B68A2000046DC /* CTNetworkingConfiguration.plist */; };
		75DEBEEC1E9B68A2000046DC /* CTNetworkingConfigurationManager.m in Sources */ = {isa = PBXBuildFile; fileRef = 75DEBEE91E9B68A2000046DC /* CTNetworkingConfigurationManager.m */; };
		ABC677131CF707C100B520A6 /* main.m in Sources */ = {isa = PBXBuildFile; fileRef = ABC677121CF707C100B520A6 /* main.m */; };
		ABC677161CF707C100B520A6 /* AppDelegate.m in Sources */ = {isa = PBXBuildFile; fileRef = ABC677151CF707C100B520A6 /* AppDelegate.m */; };
		ABC677191CF707C100B520A6 /* TestViewController.m in Sources */ = {isa = PBXBuildFile; fileRef = ABC677181CF707C100B520A6 /* TestViewController.m */; };
		ABC6771C1CF707C100B520A6 /* Main.storyboard in Resources */ = {isa = PBXBuildFile; fileRef = ABC6771A1CF707C100B520A6 /* Main.storyboard */; };
		ABC6771E1CF707C100B520A6 /* Assets.xcassets in Resources */ = {isa = PBXBuildFile; fileRef = ABC6771D1CF707C100B520A6 /* Assets.xcassets */; };
		ABC677211CF707C100B520A6 /* LaunchScreen.storyboard in Resources */ = {isa = PBXBuildFile; fileRef = ABC6771F1CF707C100B520A6 /* LaunchScreen.storyboard */; };
		ABC678211CF7109400B520A6 /* TestAPIManager.m in Sources */ = {isa = PBXBuildFile; fileRef = ABC677FD1CF7109400B520A6 /* TestAPIManager.m */; };
		ABC678231CF7109400B520A6 /* FireSingleAPI.m in Sources */ = {isa = PBXBuildFile; fileRef = ABC678031CF7109400B520A6 /* FireSingleAPI.m */; };
		ABC678271CF7138900B520A6 /* TestCaseFactory.m in Sources */ = {isa = PBXBuildFile; fileRef = ABC678261CF7138900B520A6 /* TestCaseFactory.m */; };
		ABC678701CF7251400B520A6 /* NSArray+CTNetworkingMethods.m in Sources */ = {isa = PBXBuildFile; fileRef = ABC6782B1CF7251400B520A6 /* NSArray+CTNetworkingMethods.m */; };
		ABC678711CF7251400B520A6 /* NSDictionary+CTNetworkingMethods.m in Sources */ = {isa = PBXBuildFile; fileRef = ABC6782D1CF7251400B520A6 /* NSDictionary+CTNetworkingMethods.m */; };
		ABC678721CF7251400B520A6 /* NSMutableString+CTNetworkingMethods.m in Sources */ = {isa = PBXBuildFile; fileRef = ABC6782F1CF7251400B520A6 /* NSMutableString+CTNetworkingMethods.m */; };
		ABC678731CF7251400B520A6 /* NSObject+CTNetworkingMethods.m in Sources */ = {isa = PBXBuildFile; fileRef = ABC678311CF7251400B520A6 /* NSObject+CTNetworkingMethods.m */; };
		ABC678741CF7251400B520A6 /* NSString+CTNetworkingMethods.m in Sources */ = {isa = PBXBuildFile; fileRef = ABC678331CF7251400B520A6 /* NSString+CTNetworkingMethods.m */; };
		ABC678751CF7251400B520A6 /* NSURLRequest+CTNetworkingMethods.m in Sources */ = {isa = PBXBuildFile; fileRef = ABC678351CF7251400B520A6 /* NSURLRequest+CTNetworkingMethods.m */; };
		ABC678761CF7251400B520A6 /* UIDevice+CTNetworkingMethods.m in Sources */ = {isa = PBXBuildFile; fileRef = ABC678371CF7251400B520A6 /* UIDevice+CTNetworkingMethods.m */; };
		ABC678771CF7251400B520A6 /* CTApiProxy.m in Sources */ = {isa = PBXBuildFile; fileRef = ABC6783B1CF7251400B520A6 /* CTApiProxy.m */; };
		ABC678791CF7251400B520A6 /* CTAPIBaseManager.m in Sources */ = {isa = PBXBuildFile; fileRef = ABC678411CF7251400B520A6 /* CTAPIBaseManager.m */; };
		ABC6787A1CF7251400B520A6 /* CTCache.m in Sources */ = {isa = PBXBuildFile; fileRef = ABC678441CF7251400B520A6 /* CTCache.m */; };
		ABC6787B1CF7251400B520A6 /* CTCachedObject.m in Sources */ = {isa = PBXBuildFile; fileRef = ABC678461CF7251400B520A6 /* CTCachedObject.m */; };
		ABC6787C1CF7251400B520A6 /* iPhoneTypeDefine.plist in Resources */ = {isa = PBXBuildFile; fileRef = ABC678471CF7251400B520A6 /* iPhoneTypeDefine.plist */; };
		ABC6787D1CF7251400B520A6 /* CTLocationManager.m in Sources */ = {isa = PBXBuildFile; fileRef = ABC6784A1CF7251400B520A6 /* CTLocationManager.m */; };
		ABC6787E1CF7251400B520A6 /* CTLogger.m in Sources */ = {isa = PBXBuildFile; fileRef = ABC6784D1CF7251400B520A6 /* CTLogger.m */; };
		ABC678801CF7251400B520A6 /* CTURLResponse.m in Sources */ = {isa = PBXBuildFile; fileRef = ABC678521CF7251400B520A6 /* CTURLResponse.m */; };
		ABC678811CF7251400B520A6 /* CTCommonParamsGenerator.m in Sources */ = {isa = PBXBuildFile; fileRef = ABC678581CF7251400B520A6 /* CTCommonParamsGenerator.m */; };
		ABC678821CF7251400B520A6 /* CTRequestGenerator.m in Sources */ = {isa = PBXBuildFile; fileRef = ABC6785B1CF7251400B520A6 /* CTRequestGenerator.m */; };
		ABC678831CF7251400B520A6 /* CTSignatureGenerator.m in Sources */ = {isa = PBXBuildFile; fileRef = ABC6785E1CF7251400B520A6 /* CTSignatureGenerator.m */; };
		ABC678851CF7251400B520A6 /* CTService.m in Sources */ = {isa = PBXBuildFile; fileRef = ABC678661CF7251400B520A6 /* CTService.m */; };
		ABC678861CF7251400B520A6 /* CTServiceFactory.m in Sources */ = {isa = PBXBuildFile; fileRef = ABC678681CF7251400B520A6 /* CTServiceFactory.m */; };
		ABC678981CF7271000B520A6 /* GDMapService.m in Sources */ = {isa = PBXBuildFile; fileRef = ABC678941CF7271000B520A6 /* GDMapService.m */; };
/* End PBXBuildFile section */

/* Begin PBXFileReference section */
		47AEE7F0CEEB2B4E104FE886 /* Pods-CTNetworking.debug.xcconfig */ = {isa = PBXFileReference; includeInIndex = 1; lastKnownFileType = text.xcconfig; name = "Pods-CTNetworking.debug.xcconfig"; path = "Pods/Target Support Files/Pods-CTNetworking/Pods-CTNetworking.debug.xcconfig"; sourceTree = "<group>"; };
		4ADD3645D6296652217469EC /* Pods-CTNetworking.release.xcconfig */ = {isa = PBXFileReference; includeInIndex = 1; lastKnownFileType = text.xcconfig; name = "Pods-CTNetworking.release.xcconfig"; path = "Pods/Target Support Files/Pods-CTNetworking/Pods-CTNetworking.release.xcconfig"; sourceTree = "<group>"; };
		7518BE581E9E321C00322FD6 /* LGBaseAPICommand.h */ = {isa = PBXFileReference; fileEncoding = 4; lastKnownFileType = sourcecode.c.h; path = LGBaseAPICommand.h; sourceTree = "<group>"; };
		7518BE591E9E321C00322FD6 /* LGBaseAPICommand.m */ = {isa = PBXFileReference; fileEncoding = 4; lastKnownFileType = sourcecode.c.objc; path = LGBaseAPICommand.m; sourceTree = "<group>"; };
		75DEBEDD1E9B5EFC000046DC /* CTHTTPConst.h */ = {isa = PBXFileReference; fileEncoding = 4; lastKnownFileType = sourcecode.c.h; path = CTHTTPConst.h; sourceTree = "<group>"; };
		75DEBEDE1E9B5EFC000046DC /* CTHTTPConst.m */ = {isa = PBXFileReference; fileEncoding = 4; lastKnownFileType = sourcecode.c.objc; path = CTHTTPConst.m; sourceTree = "<group>"; };
		75DEBEE51E9B68A2000046DC /* CTLoggerConfiguration.h */ = {isa = PBXFileReference; fileEncoding = 4; lastKnownFileType = sourcecode.c.h; path = CTLoggerConfiguration.h; sourceTree = "<group>"; };
		75DEBEE61E9B68A2000046DC /* CTLoggerConfiguration.m */ = {isa = PBXFileReference; fileEncoding = 4; lastKnownFileType = sourcecode.c.objc; path = CTLoggerConfiguration.m; sourceTree = "<group>"; };
		75DEBEE71E9B68A2000046DC /* CTNetworkingConfiguration.plist */ = {isa = PBXFileReference; fileEncoding = 4; lastKnownFileType = text.plist.xml; path = CTNetworkingConfiguration.plist; sourceTree = "<group>"; };
		75DEBEE81E9B68A2000046DC /* CTNetworkingConfigurationManager.h */ = {isa = PBXFileReference; fileEncoding = 4; lastKnownFileType = sourcecode.c.h; path = CTNetworkingConfigurationManager.h; sourceTree = "<group>"; };
		75DEBEE91E9B68A2000046DC /* CTNetworkingConfigurationManager.m */ = {isa = PBXFileReference; fileEncoding = 4; lastKnownFileType = sourcecode.c.objc; path = CTNetworkingConfigurationManager.m; sourceTree = "<group>"; };
		A7E991CD00AE580099C56CF4 /* libPods-CTNetworking.a */ = {isa = PBXFileReference; explicitFileType = archive.ar; includeInIndex = 0; path = "libPods-CTNetworking.a"; sourceTree = BUILT_PRODUCTS_DIR; };
		ABC6770E1CF707C100B520A6 /* CTNetworking.app */ = {isa = PBXFileReference; explicitFileType = wrapper.application; includeInIndex = 0; path = CTNetworking.app; sourceTree = BUILT_PRODUCTS_DIR; };
		ABC677121CF707C100B520A6 /* main.m */ = {isa = PBXFileReference; lastKnownFileType = sourcecode.c.objc; path = main.m; sourceTree = "<group>"; };
		ABC677141CF707C100B520A6 /* AppDelegate.h */ = {isa = PBXFileReference; lastKnownFileType = sourcecode.c.h; path = AppDelegate.h; sourceTree = "<group>"; };
		ABC677151CF707C100B520A6 /* AppDelegate.m */ = {isa = PBXFileReference; lastKnownFileType = sourcecode.c.objc; path = AppDelegate.m; sourceTree = "<group>"; };
		ABC677171CF707C100B520A6 /* TestViewController.h */ = {isa = PBXFileReference; lastKnownFileType = sourcecode.c.h; name = TestViewController.h; path = ../TestViewController.h; sourceTree = "<group>"; };
		ABC677181CF707C100B520A6 /* TestViewController.m */ = {isa = PBXFileReference; lastKnownFileType = sourcecode.c.objc; name = TestViewController.m; path = ../TestViewController.m; sourceTree = "<group>"; };
		ABC6771B1CF707C100B520A6 /* Base */ = {isa = PBXFileReference; lastKnownFileType = file.storyboard; name = Base; path = Base.lproj/Main.storyboard; sourceTree = "<group>"; };
		ABC6771D1CF707C100B520A6 /* Assets.xcassets */ = {isa = PBXFileReference; lastKnownFileType = folder.assetcatalog; path = Assets.xcassets; sourceTree = "<group>"; };
		ABC677201CF707C100B520A6 /* Base */ = {isa = PBXFileReference; lastKnownFileType = file.storyboard; name = Base; path = Base.lproj/LaunchScreen.storyboard; sourceTree = "<group>"; };
		ABC677221CF707C100B520A6 /* Info.plist */ = {isa = PBXFileReference; lastKnownFileType = text.plist.xml; path = Info.plist; sourceTree = "<group>"; };
		ABC677A71CF7102B00B520A6 /* CommonHeader.h */ = {isa = PBXFileReference; lastKnownFileType = sourcecode.c.h; name = CommonHeader.h; path = ../CommonHeader.h; sourceTree = "<group>"; };
		ABC677FC1CF7109400B520A6 /* TestAPIManager.h */ = {isa = PBXFileReference; fileEncoding = 4; lastKnownFileType = sourcecode.c.h; path = TestAPIManager.h; sourceTree = "<group>"; };
		ABC677FD1CF7109400B520A6 /* TestAPIManager.m */ = {isa = PBXFileReference; fileEncoding = 4; lastKnownFileType = sourcecode.c.objc; path = TestAPIManager.m; sourceTree = "<group>"; };
		ABC678021CF7109400B520A6 /* FireSingleAPI.h */ = {isa = PBXFileReference; fileEncoding = 4; lastKnownFileType = sourcecode.c.h; path = FireSingleAPI.h; sourceTree = "<group>"; };
		ABC678031CF7109400B520A6 /* FireSingleAPI.m */ = {isa = PBXFileReference; fileEncoding = 4; lastKnownFileType = sourcecode.c.objc; path = FireSingleAPI.m; sourceTree = "<group>"; };
		ABC678251CF7138900B520A6 /* TestCaseFactory.h */ = {isa = PBXFileReference; fileEncoding = 4; lastKnownFileType = sourcecode.c.h; path = TestCaseFactory.h; sourceTree = "<group>"; };
		ABC678261CF7138900B520A6 /* TestCaseFactory.m */ = {isa = PBXFileReference; fileEncoding = 4; lastKnownFileType = sourcecode.c.objc; path = TestCaseFactory.m; sourceTree = "<group>"; };
		ABC6782A1CF7251400B520A6 /* NSArray+CTNetworkingMethods.h */ = {isa = PBXFileReference; fileEncoding = 4; lastKnownFileType = sourcecode.c.h; path = "NSArray+CTNetworkingMethods.h"; sourceTree = "<group>"; };
		ABC6782B1CF7251400B520A6 /* NSArray+CTNetworkingMethods.m */ = {isa = PBXFileReference; fileEncoding = 4; lastKnownFileType = sourcecode.c.objc; path = "NSArray+CTNetworkingMethods.m"; sourceTree = "<group>"; };
		ABC6782C1CF7251400B520A6 /* NSDictionary+CTNetworkingMethods.h */ = {isa = PBXFileReference; fileEncoding = 4; lastKnownFileType = sourcecode.c.h; path = "NSDictionary+CTNetworkingMethods.h"; sourceTree = "<group>"; };
		ABC6782D1CF7251400B520A6 /* NSDictionary+CTNetworkingMethods.m */ = {isa = PBXFileReference; fileEncoding = 4; lastKnownFileType = sourcecode.c.objc; path = "NSDictionary+CTNetworkingMethods.m"; sourceTree = "<group>"; };
		ABC6782E1CF7251400B520A6 /* NSMutableString+CTNetworkingMethods.h */ = {isa = PBXFileReference; fileEncoding = 4; lastKnownFileType = sourcecode.c.h; path = "NSMutableString+CTNetworkingMethods.h"; sourceTree = "<group>"; };
		ABC6782F1CF7251400B520A6 /* NSMutableString+CTNetworkingMethods.m */ = {isa = PBXFileReference; fileEncoding = 4; lastKnownFileType = sourcecode.c.objc; path = "NSMutableString+CTNetworkingMethods.m"; sourceTree = "<group>"; };
		ABC678301CF7251400B520A6 /* NSObject+CTNetworkingMethods.h */ = {isa = PBXFileReference; fileEncoding = 4; lastKnownFileType = sourcecode.c.h; path = "NSObject+CTNetworkingMethods.h"; sourceTree = "<group>"; };
		ABC678311CF7251400B520A6 /* NSObject+CTNetworkingMethods.m */ = {isa = PBXFileReference; fileEncoding = 4; lastKnownFileType = sourcecode.c.objc; path = "NSObject+CTNetworkingMethods.m"; sourceTree = "<group>"; };
		ABC678321CF7251400B520A6 /* NSString+CTNetworkingMethods.h */ = {isa = PBXFileReference; fileEncoding = 4; lastKnownFileType = sourcecode.c.h; path = "NSString+CTNetworkingMethods.h"; sourceTree = "<group>"; };
		ABC678331CF7251400B520A6 /* NSString+CTNetworkingMethods.m */ = {isa = PBXFileReference; fileEncoding = 4; lastKnownFileType = sourcecode.c.objc; path = "NSString+CTNetworkingMethods.m"; sourceTree = "<group>"; };
		ABC678341CF7251400B520A6 /* NSURLRequest+CTNetworkingMethods.h */ = {isa = PBXFileReference; fileEncoding = 4; lastKnownFileType = sourcecode.c.h; path = "NSURLRequest+CTNetworkingMethods.h"; sourceTree = "<group>"; };
		ABC678351CF7251400B520A6 /* NSURLRequest+CTNetworkingMethods.m */ = {isa = PBXFileReference; fileEncoding = 4; lastKnownFileType = sourcecode.c.objc; path = "NSURLRequest+CTNetworkingMethods.m"; sourceTree = "<group>"; };
		ABC678361CF7251400B520A6 /* UIDevice+CTNetworkingMethods.h */ = {isa = PBXFileReference; fileEncoding = 4; lastKnownFileType = sourcecode.c.h; path = "UIDevice+CTNetworkingMethods.h"; sourceTree = "<group>"; };
		ABC678371CF7251400B520A6 /* UIDevice+CTNetworkingMethods.m */ = {isa = PBXFileReference; fileEncoding = 4; lastKnownFileType = sourcecode.c.objc; path = "UIDevice+CTNetworkingMethods.m"; sourceTree = "<group>"; };
		ABC6783A1CF7251400B520A6 /* CTApiProxy.h */ = {isa = PBXFileReference; fileEncoding = 4; lastKnownFileType = sourcecode.c.h; path = CTApiProxy.h; sourceTree = "<group>"; };
		ABC6783B1CF7251400B520A6 /* CTApiProxy.m */ = {isa = PBXFileReference; fileEncoding = 4; lastKnownFileType = sourcecode.c.objc; path = CTApiProxy.m; sourceTree = "<group>"; };
		ABC678401CF7251400B520A6 /* CTAPIBaseManager.h */ = {isa = PBXFileReference; fileEncoding = 4; lastKnownFileType = sourcecode.c.h; path = CTAPIBaseManager.h; sourceTree = "<group>"; };
		ABC678411CF7251400B520A6 /* CTAPIBaseManager.m */ = {isa = PBXFileReference; fileEncoding = 4; lastKnownFileType = sourcecode.c.objc; path = CTAPIBaseManager.m; sourceTree = "<group>"; };
		ABC678431CF7251400B520A6 /* CTCache.h */ = {isa = PBXFileReference; fileEncoding = 4; lastKnownFileType = sourcecode.c.h; path = CTCache.h; sourceTree = "<group>"; };
		ABC678441CF7251400B520A6 /* CTCache.m */ = {isa = PBXFileReference; fileEncoding = 4; lastKnownFileType = sourcecode.c.objc; path = CTCache.m; sourceTree = "<group>"; };
		ABC678451CF7251400B520A6 /* CTCachedObject.h */ = {isa = PBXFileReference; fileEncoding = 4; lastKnownFileType = sourcecode.c.h; path = CTCachedObject.h; sourceTree = "<group>"; };
		ABC678461CF7251400B520A6 /* CTCachedObject.m */ = {isa = PBXFileReference; fileEncoding = 4; lastKnownFileType = sourcecode.c.objc; path = CTCachedObject.m; sourceTree = "<group>"; };
		ABC678471CF7251400B520A6 /* iPhoneTypeDefine.plist */ = {isa = PBXFileReference; fileEncoding = 4; lastKnownFileType = text.plist.xml; path = iPhoneTypeDefine.plist; sourceTree = "<group>"; };
		ABC678491CF7251400B520A6 /* CTLocationManager.h */ = {isa = PBXFileReference; fileEncoding = 4; lastKnownFileType = sourcecode.c.h; path = CTLocationManager.h; sourceTree = "<group>"; };
		ABC6784A1CF7251400B520A6 /* CTLocationManager.m */ = {isa = PBXFileReference; fileEncoding = 4; lastKnownFileType = sourcecode.c.objc; path = CTLocationManager.m; sourceTree = "<group>"; };
		ABC6784C1CF7251400B520A6 /* CTLogger.h */ = {isa = PBXFileReference; fileEncoding = 4; lastKnownFileType = sourcecode.c.h; path = CTLogger.h; sourceTree = "<group>"; };
		ABC6784D1CF7251400B520A6 /* CTLogger.m */ = {isa = PBXFileReference; fileEncoding = 4; lastKnownFileType = sourcecode.c.objc; path = CTLogger.m; sourceTree = "<group>"; };
		ABC678511CF7251400B520A6 /* CTURLResponse.h */ = {isa = PBXFileReference; fileEncoding = 4; lastKnownFileType = sourcecode.c.h; path = CTURLResponse.h; sourceTree = "<group>"; };
		ABC678521CF7251400B520A6 /* CTURLResponse.m */ = {isa = PBXFileReference; fileEncoding = 4; lastKnownFileType = sourcecode.c.objc; path = CTURLResponse.m; sourceTree = "<group>"; };
		ABC678531CF7251400B520A6 /* CTNetworking.h */ = {isa = PBXFileReference; fileEncoding = 4; lastKnownFileType = sourcecode.c.h; path = CTNetworking.h; sourceTree = "<group>"; };
		ABC678571CF7251400B520A6 /* CTCommonParamsGenerator.h */ = {isa = PBXFileReference; fileEncoding = 4; lastKnownFileType = sourcecode.c.h; path = CTCommonParamsGenerator.h; sourceTree = "<group>"; };
		ABC678581CF7251400B520A6 /* CTCommonParamsGenerator.m */ = {isa = PBXFileReference; fileEncoding = 4; lastKnownFileType = sourcecode.c.objc; path = CTCommonParamsGenerator.m; sourceTree = "<group>"; };
		ABC6785A1CF7251400B520A6 /* CTRequestGenerator.h */ = {isa = PBXFileReference; fileEncoding = 4; lastKnownFileType = sourcecode.c.h; path = CTRequestGenerator.h; sourceTree = "<group>"; };
		ABC6785B1CF7251400B520A6 /* CTRequestGenerator.m */ = {isa = PBXFileReference; fileEncoding = 4; lastKnownFileType = sourcecode.c.objc; path = CTRequestGenerator.m; sourceTree = "<group>"; };
		ABC6785D1CF7251400B520A6 /* CTSignatureGenerator.h */ = {isa = PBXFileReference; fileEncoding = 4; lastKnownFileType = sourcecode.c.h; path = CTSignatureGenerator.h; sourceTree = "<group>"; };
		ABC6785E1CF7251400B520A6 /* CTSignatureGenerator.m */ = {isa = PBXFileReference; fileEncoding = 4; lastKnownFileType = sourcecode.c.objc; path = CTSignatureGenerator.m; sourceTree = "<group>"; };
		ABC678651CF7251400B520A6 /* CTService.h */ = {isa = PBXFileReference; fileEncoding = 4; lastKnownFileType = sourcecode.c.h; path = CTService.h; sourceTree = "<group>"; };
		ABC678661CF7251400B520A6 /* CTService.m */ = {isa = PBXFileReference; fileEncoding = 4; lastKnownFileType = sourcecode.c.objc; path = CTService.m; sourceTree = "<group>"; };
		ABC678671CF7251400B520A6 /* CTServiceFactory.h */ = {isa = PBXFileReference; fileEncoding = 4; lastKnownFileType = sourcecode.c.h; path = CTServiceFactory.h; sourceTree = "<group>"; };
		ABC678681CF7251400B520A6 /* CTServiceFactory.m */ = {isa = PBXFileReference; fileEncoding = 4; lastKnownFileType = sourcecode.c.objc; path = CTServiceFactory.m; sourceTree = "<group>"; };
		ABC678931CF7271000B520A6 /* GDMapService.h */ = {isa = PBXFileReference; fileEncoding = 4; lastKnownFileType = sourcecode.c.h; path = GDMapService.h; sourceTree = "<group>"; };
		ABC678941CF7271000B520A6 /* GDMapService.m */ = {isa = PBXFileReference; fileEncoding = 4; lastKnownFileType = sourcecode.c.objc; path = GDMapService.m; sourceTree = "<group>"; };
/* End PBXFileReference section */

/* Begin PBXFrameworksBuildPhase section */
		ABC6770B1CF707C100B520A6 /* Frameworks */ = {
			isa = PBXFrameworksBuildPhase;
			buildActionMask = 2147483647;
			files = (
				118172816A888E8150338AE0 /* libPods-CTNetworking.a in Frameworks */,
			);
			runOnlyForDeploymentPostprocessing = 0;
		};
/* End PBXFrameworksBuildPhase section */

/* Begin PBXGroup section */
		10E07CAF82B370B10DAEF89B /* Frameworks */ = {
			isa = PBXGroup;
			children = (
				A7E991CD00AE580099C56CF4 /* libPods-CTNetworking.a */,
			);
			name = Frameworks;
			sourceTree = "<group>";
		};
		6DC322692580AE494C000410 /* Pods */ = {
			isa = PBXGroup;
			children = (
				47AEE7F0CEEB2B4E104FE886 /* Pods-CTNetworking.debug.xcconfig */,
				4ADD3645D6296652217469EC /* Pods-CTNetworking.release.xcconfig */,
			);
			name = Pods;
			sourceTree = "<group>";
		};
		7518BE571E9E320400322FD6 /* Command */ = {
			isa = PBXGroup;
			children = (
				7518BE581E9E321C00322FD6 /* LGBaseAPICommand.h */,
				7518BE591E9E321C00322FD6 /* LGBaseAPICommand.m */,
			);
			path = Command;
			sourceTree = "<group>";
		};
		75DEBEE41E9B68A2000046DC /* Configurations */ = {
			isa = PBXGroup;
			children = (
				75DEBEE51E9B68A2000046DC /* CTLoggerConfiguration.h */,
				75DEBEE61E9B68A2000046DC /* CTLoggerConfiguration.m */,
				75DEBEE71E9B68A2000046DC /* CTNetworkingConfiguration.plist */,
				75DEBEE81E9B68A2000046DC /* CTNetworkingConfigurationManager.h */,
				75DEBEE91E9B68A2000046DC /* CTNetworkingConfigurationManager.m */,
			);
			path = Configurations;
			sourceTree = "<group>";
		};
		ABC677051CF707C100B520A6 = {
			isa = PBXGroup;
			children = (
				ABC677101CF707C100B520A6 /* CTNetworking */,
				ABC6770F1CF707C100B520A6 /* Products */,
				6DC322692580AE494C000410 /* Pods */,
				10E07CAF82B370B10DAEF89B /* Frameworks */,
			);
			sourceTree = "<group>";
		};
		ABC6770F1CF707C100B520A6 /* Products */ = {
			isa = PBXGroup;
			children = (
				ABC6770E1CF707C100B520A6 /* CTNetworking.app */,
			);
			name = Products;
			sourceTree = "<group>";
		};
		ABC677101CF707C100B520A6 /* CTNetworking */ = {
			isa = PBXGroup;
			children = (
				ABC678281CF7251400B520A6 /* CTNetworking */,
				ABC677FA1CF7109400B520A6 /* Demo */,
				ABC677111CF707C100B520A6 /* Supporting Files */,
			);
			path = CTNetworking;
			sourceTree = "<group>";
		};
		ABC677111CF707C100B520A6 /* Supporting Files */ = {
			isa = PBXGroup;
			children = (
				ABC677141CF707C100B520A6 /* AppDelegate.h */,
				ABC677151CF707C100B520A6 /* AppDelegate.m */,
				ABC6771A1CF707C100B520A6 /* Main.storyboard */,
				ABC6771D1CF707C100B520A6 /* Assets.xcassets */,
				ABC6771F1CF707C100B520A6 /* LaunchScreen.storyboard */,
				ABC677221CF707C100B520A6 /* Info.plist */,
				ABC677121CF707C100B520A6 /* main.m */,
			);
			name = "Supporting Files";
			sourceTree = "<group>";
		};
		ABC677FA1CF7109400B520A6 /* Demo */ = {
			isa = PBXGroup;
			children = (
				75DEBEDD1E9B5EFC000046DC /* CTHTTPConst.h */,
				75DEBEDE1E9B5EFC000046DC /* CTHTTPConst.m */,
				ABC678881CF7271000B520A6 /* CTNetworkingCustoms */,
				ABC677A71CF7102B00B520A6 /* CommonHeader.h */,
				ABC677171CF707C100B520A6 /* TestViewController.h */,
				ABC677181CF707C100B520A6 /* TestViewController.m */,
				ABC677FB1CF7109400B520A6 /* TestAPIManager */,
				ABC678241CF7138900B520A6 /* TestFactory */,
				ABC678001CF7109400B520A6 /* TestCaseList */,
			);
			name = Demo;
			path = TestCase;
			sourceTree = "<group>";
		};
		ABC677FB1CF7109400B520A6 /* TestAPIManager */ = {
			isa = PBXGroup;
			children = (
				ABC677FC1CF7109400B520A6 /* TestAPIManager.h */,
				ABC677FD1CF7109400B520A6 /* TestAPIManager.m */,
			);
			path = TestAPIManager;
			sourceTree = "<group>";
		};
		ABC678001CF7109400B520A6 /* TestCaseList */ = {
			isa = PBXGroup;
			children = (
				ABC678011CF7109400B520A6 /* FireSingleAPI */,
			);
			path = TestCaseList;
			sourceTree = "<group>";
		};
		ABC678011CF7109400B520A6 /* FireSingleAPI */ = {
			isa = PBXGroup;
			children = (
				ABC678021CF7109400B520A6 /* FireSingleAPI.h */,
				ABC678031CF7109400B520A6 /* FireSingleAPI.m */,
			);
			path = FireSingleAPI;
			sourceTree = "<group>";
		};
		ABC678241CF7138900B520A6 /* TestFactory */ = {
			isa = PBXGroup;
			children = (
				ABC678251CF7138900B520A6 /* TestCaseFactory.h */,
				ABC678261CF7138900B520A6 /* TestCaseFactory.m */,
			);
			path = TestFactory;
			sourceTree = "<group>";
		};
		ABC678281CF7251400B520A6 /* CTNetworking */ = {
			isa = PBXGroup;
			children = (
				ABC678531CF7251400B520A6 /* CTNetworking.h */,
				75DEBEE41E9B68A2000046DC /* Configurations */,
				ABC678291CF7251400B520A6 /* Categories */,
				ABC678381CF7251400B520A6 /* Components */,
				ABC678551CF7251400B520A6 /* Generators */,
				ABC678621CF7251400B520A6 /* Services */,
			);
			path = CTNetworking;
			sourceTree = "<group>";
		};
		ABC678291CF7251400B520A6 /* Categories */ = {
			isa = PBXGroup;
			children = (
				ABC6782A1CF7251400B520A6 /* NSArray+CTNetworkingMethods.h */,
				ABC6782B1CF7251400B520A6 /* NSArray+CTNetworkingMethods.m */,
				ABC6782C1CF7251400B520A6 /* NSDictionary+CTNetworkingMethods.h */,
				ABC6782D1CF7251400B520A6 /* NSDictionary+CTNetworkingMethods.m */,
				ABC6782E1CF7251400B520A6 /* NSMutableString+CTNetworkingMethods.h */,
				ABC6782F1CF7251400B520A6 /* NSMutableString+CTNetworkingMethods.m */,
				ABC678301CF7251400B520A6 /* NSObject+CTNetworkingMethods.h */,
				ABC678311CF7251400B520A6 /* NSObject+CTNetworkingMethods.m */,
				ABC678321CF7251400B520A6 /* NSString+CTNetworkingMethods.h */,
				ABC678331CF7251400B520A6 /* NSString+CTNetworkingMethods.m */,
				ABC678341CF7251400B520A6 /* NSURLRequest+CTNetworkingMethods.h */,
				ABC678351CF7251400B520A6 /* NSURLRequest+CTNetworkingMethods.m */,
				ABC678361CF7251400B520A6 /* UIDevice+CTNetworkingMethods.h */,
				ABC678371CF7251400B520A6 /* UIDevice+CTNetworkingMethods.m */,
			);
			path = Categories;
			sourceTree = "<group>";
		};
		ABC678381CF7251400B520A6 /* Components */ = {
			isa = PBXGroup;
			children = (
				ABC678471CF7251400B520A6 /* iPhoneTypeDefine.plist */,
				7518BE571E9E320400322FD6 /* Command */,
				ABC678391CF7251400B520A6 /* APIProxy */,
				ABC6783F1CF7251400B520A6 /* BaseAPIManager */,
				ABC678421CF7251400B520A6 /* CacheComponents */,
				ABC678481CF7251400B520A6 /* LocationManager */,
				ABC6784B1CF7251400B520A6 /* LogComponents */,
				ABC678501CF7251400B520A6 /* URLResponse */,
			);
			path = Components;
			sourceTree = "<group>";
		};
		ABC678391CF7251400B520A6 /* APIProxy */ = {
			isa = PBXGroup;
			children = (
				ABC6783A1CF7251400B520A6 /* CTApiProxy.h */,
				ABC6783B1CF7251400B520A6 /* CTApiProxy.m */,
			);
			path = APIProxy;
			sourceTree = "<group>";
		};
		ABC6783F1CF7251400B520A6 /* BaseAPIManager */ = {
			isa = PBXGroup;
			children = (
				ABC678401CF7251400B520A6 /* CTAPIBaseManager.h */,
				ABC678411CF7251400B520A6 /* CTAPIBaseManager.m */,
			);
			path = BaseAPIManager;
			sourceTree = "<group>";
		};
		ABC678421CF7251400B520A6 /* CacheComponents */ = {
			isa = PBXGroup;
			children = (
				ABC678431CF7251400B520A6 /* CTCache.h */,
				ABC678441CF7251400B520A6 /* CTCache.m */,
				ABC678451CF7251400B520A6 /* CTCachedObject.h */,
				ABC678461CF7251400B520A6 /* CTCachedObject.m */,
			);
			path = CacheComponents;
			sourceTree = "<group>";
		};
		ABC678481CF7251400B520A6 /* LocationManager */ = {
			isa = PBXGroup;
			children = (
				ABC678491CF7251400B520A6 /* CTLocationManager.h */,
				ABC6784A1CF7251400B520A6 /* CTLocationManager.m */,
			);
			path = LocationManager;
			sourceTree = "<group>";
		};
		ABC6784B1CF7251400B520A6 /* LogComponents */ = {
			isa = PBXGroup;
			children = (
				ABC6784C1CF7251400B520A6 /* CTLogger.h */,
				ABC6784D1CF7251400B520A6 /* CTLogger.m */,
			);
			path = LogComponents;
			sourceTree = "<group>";
		};
		ABC678501CF7251400B520A6 /* URLResponse */ = {
			isa = PBXGroup;
			children = (
				ABC678511CF7251400B520A6 /* CTURLResponse.h */,
				ABC678521CF7251400B520A6 /* CTURLResponse.m */,
			);
			path = URLResponse;
			sourceTree = "<group>";
		};
		ABC678551CF7251400B520A6 /* Generators */ = {
			isa = PBXGroup;
			children = (
				ABC678561CF7251400B520A6 /* CommonParamsGenerator */,
				ABC678591CF7251400B520A6 /* RequestGenerator */,
				ABC6785C1CF7251400B520A6 /* SignatureGenerator */,
			);
			path = Generators;
			sourceTree = "<group>";
		};
		ABC678561CF7251400B520A6 /* CommonParamsGenerator */ = {
			isa = PBXGroup;
			children = (
				ABC678571CF7251400B520A6 /* CTCommonParamsGenerator.h */,
				ABC678581CF7251400B520A6 /* CTCommonParamsGenerator.m */,
			);
			path = CommonParamsGenerator;
			sourceTree = "<group>";
		};
		ABC678591CF7251400B520A6 /* RequestGenerator */ = {
			isa = PBXGroup;
			children = (
				ABC6785A1CF7251400B520A6 /* CTRequestGenerator.h */,
				ABC6785B1CF7251400B520A6 /* CTRequestGenerator.m */,
			);
			path = RequestGenerator;
			sourceTree = "<group>";
		};
		ABC6785C1CF7251400B520A6 /* SignatureGenerator */ = {
			isa = PBXGroup;
			children = (
				ABC6785D1CF7251400B520A6 /* CTSignatureGenerator.h */,
				ABC6785E1CF7251400B520A6 /* CTSignatureGenerator.m */,
			);
			path = SignatureGenerator;
			sourceTree = "<group>";
		};
		ABC678621CF7251400B520A6 /* Services */ = {
			isa = PBXGroup;
			children = (
				ABC678651CF7251400B520A6 /* CTService.h */,
				ABC678661CF7251400B520A6 /* CTService.m */,
				ABC678671CF7251400B520A6 /* CTServiceFactory.h */,
				ABC678681CF7251400B520A6 /* CTServiceFactory.m */,
			);
			path = Services;
			sourceTree = "<group>";
		};
		ABC678881CF7271000B520A6 /* CTNetworkingCustoms */ = {
			isa = PBXGroup;
			children = (
				ABC678911CF7271000B520A6 /* CustomServices */,
			);
			name = CTNetworkingCustoms;
			path = ../CTNetworkingCustoms;
			sourceTree = "<group>";
		};
		ABC678911CF7271000B520A6 /* CustomServices */ = {
			isa = PBXGroup;
			children = (
				ABC678921CF7271000B520A6 /* GDMapService */,
			);
			path = CustomServices;
			sourceTree = "<group>";
		};
		ABC678921CF7271000B520A6 /* GDMapService */ = {
			isa = PBXGroup;
			children = (
				ABC678931CF7271000B520A6 /* GDMapService.h */,
				ABC678941CF7271000B520A6 /* GDMapService.m */,
			);
			path = GDMapService;
			sourceTree = "<group>";
		};
/* End PBXGroup section */

/* Begin PBXNativeTarget section */
		ABC6770D1CF707C100B520A6 /* CTNetworking */ = {
			isa = PBXNativeTarget;
			buildConfigurationList = ABC677251CF707C100B520A6 /* Build configuration list for PBXNativeTarget "CTNetworking" */;
			buildPhases = (
				DE06A236D403A329298AC8C0 /* [CP] Check Pods Manifest.lock */,
				156A99D3C76E77B1A238B0E7 /* [CP] Check Pods Manifest.lock */,
				ABC6770A1CF707C100B520A6 /* Sources */,
				ABC6770B1CF707C100B520A6 /* Frameworks */,
				ABC6770C1CF707C100B520A6 /* Resources */,
				5638BFA3E4B5D4D72B99C701 /* [CP] Embed Pods Frameworks */,
				4D80E65ECBC86488DD1BB49C /* [CP] Copy Pods Resources */,
				15791200D877ECD63497D39B /* 📦 Embed Pods Frameworks */,
				57A49DA375F499BBDB0E4A47 /* 📦 Copy Pods Resources */,
			);
			buildRules = (
			);
			dependencies = (
			);
			name = CTNetworking;
			productName = CTNetworking;
			productReference = ABC6770E1CF707C100B520A6 /* CTNetworking.app */;
			productType = "com.apple.product-type.application";
		};
/* End PBXNativeTarget section */

/* Begin PBXProject section */
		ABC677061CF707C100B520A6 /* Project object */ = {
			isa = PBXProject;
			attributes = {
				LastUpgradeCheck = 0720;
				ORGANIZATIONNAME = "Long Fan";
				TargetAttributes = {
					ABC6770D1CF707C100B520A6 = {
						CreatedOnToolsVersion = 7.2.1;
					};
				};
			};
			buildConfigurationList = ABC677091CF707C100B520A6 /* Build configuration list for PBXProject "CTNetworking" */;
			compatibilityVersion = "Xcode 3.2";
			developmentRegion = English;
			hasScannedForEncodings = 0;
			knownRegions = (
				en,
				Base,
			);
			mainGroup = ABC677051CF707C100B520A6;
			productRefGroup = ABC6770F1CF707C100B520A6 /* Products */;
			projectDirPath = "";
			projectRoot = "";
			targets = (
				ABC6770D1CF707C100B520A6 /* CTNetworking */,
			);
		};
/* End PBXProject section */

/* Begin PBXResourcesBuildPhase section */
		ABC6770C1CF707C100B520A6 /* Resources */ = {
			isa = PBXResourcesBuildPhase;
			buildActionMask = 2147483647;
			files = (
				75DEBEEB1E9B68A2000046DC /* CTNetworkingConfiguration.plist in Resources */,
				ABC6787C1CF7251400B520A6 /* iPhoneTypeDefine.plist in Resources */,
				ABC677211CF707C100B520A6 /* LaunchScreen.storyboard in Resources */,
				ABC6771E1CF707C100B520A6 /* Assets.xcassets in Resources */,
				ABC6771C1CF707C100B520A6 /* Main.storyboard in Resources */,
			);
			runOnlyForDeploymentPostprocessing = 0;
		};
/* End PBXResourcesBuildPhase section */

/* Begin PBXShellScriptBuildPhase section */
		156A99D3C76E77B1A238B0E7 /* [CP] Check Pods Manifest.lock */ = {
			isa = PBXShellScriptBuildPhase;
			buildActionMask = 2147483647;
			files = (
			);
			inputPaths = (
			);
			name = "[CP] Check Pods Manifest.lock";
			outputPaths = (
			);
			runOnlyForDeploymentPostprocessing = 0;
			shellPath = /bin/sh;
			shellScript = "diff \"${PODS_ROOT}/../Podfile.lock\" \"${PODS_ROOT}/Manifest.lock\" > /dev/null\nif [[ $? != 0 ]] ; then\n    cat << EOM\nerror: The sandbox is not in sync with the Podfile.lock. Run 'pod install' or update your CocoaPods installation.\nEOM\n    exit 1\nfi\n";
			showEnvVarsInLog = 0;
		};
		15791200D877ECD63497D39B /* 📦 Embed Pods Frameworks */ = {
			isa = PBXShellScriptBuildPhase;
			buildActionMask = 2147483647;
			files = (
			);
			inputPaths = (
			);
			name = "📦 Embed Pods Frameworks";
			outputPaths = (
			);
			runOnlyForDeploymentPostprocessing = 0;
			shellPath = /bin/sh;
			shellScript = "\"${SRCROOT}/Pods/Target Support Files/Pods-CTNetworking/Pods-CTNetworking-frameworks.sh\"\n";
			showEnvVarsInLog = 0;
		};
		4D80E65ECBC86488DD1BB49C /* [CP] Copy Pods Resources */ = {
			isa = PBXShellScriptBuildPhase;
			buildActionMask = 2147483647;
			files = (
			);
			inputPaths = (
			);
			name = "[CP] Copy Pods Resources";
			outputPaths = (
			);
			runOnlyForDeploymentPostprocessing = 0;
			shellPath = /bin/sh;
			shellScript = "\"${SRCROOT}/Pods/Target Support Files/Pods-CTNetworking/Pods-CTNetworking-resources.sh\"\n";
			showEnvVarsInLog = 0;
		};
		5638BFA3E4B5D4D72B99C701 /* [CP] Embed Pods Frameworks */ = {
			isa = PBXShellScriptBuildPhase;
			buildActionMask = 2147483647;
			files = (
			);
			inputPaths = (
			);
			name = "[CP] Embed Pods Frameworks";
			outputPaths = (
			);
			runOnlyForDeploymentPostprocessing = 0;
			shellPath = /bin/sh;
			shellScript = "\"${SRCROOT}/Pods/Target Support Files/Pods-CTNetworking/Pods-CTNetworking-frameworks.sh\"\n";
			showEnvVarsInLog = 0;
		};
		57A49DA375F499BBDB0E4A47 /* 📦 Copy Pods Resources */ = {
			isa = PBXShellScriptBuildPhase;
			buildActionMask = 2147483647;
			files = (
			);
			inputPaths = (
			);
			name = "📦 Copy Pods Resources";
			outputPaths = (
			);
			runOnlyForDeploymentPostprocessing = 0;
			shellPath = /bin/sh;
			shellScript = "\"${SRCROOT}/Pods/Target Support Files/Pods-CTNetworking/Pods-CTNetworking-resources.sh\"\n";
			showEnvVarsInLog = 0;
		};
		DE06A236D403A329298AC8C0 /* [CP] Check Pods Manifest.lock */ = {
			isa = PBXShellScriptBuildPhase;
			buildActionMask = 2147483647;
			files = (
			);
			inputPaths = (
			);
			name = "[CP] Check Pods Manifest.lock";
			outputPaths = (
			);
			runOnlyForDeploymentPostprocessing = 0;
			shellPath = /bin/sh;
			shellScript = "diff \"${PODS_PODFILE_DIR_PATH}/Podfile.lock\" \"${PODS_ROOT}/Manifest.lock\" > /dev/null\nif [ $? != 0 ] ; then\n    # print error to STDERR\n    echo \"error: The sandbox is not in sync with the Podfile.lock. Run 'pod install' or update your CocoaPods installation.\" >&2\n    exit 1\nfi\n";
			showEnvVarsInLog = 0;
		};
/* End PBXShellScriptBuildPhase section */

/* Begin PBXSourcesBuildPhase section */
		ABC6770A1CF707C100B520A6 /* Sources */ = {
			isa = PBXSourcesBuildPhase;
			buildActionMask = 2147483647;
			files = (
				ABC678211CF7109400B520A6 /* TestAPIManager.m in Sources */,
				ABC678231CF7109400B520A6 /* FireSingleAPI.m in Sources */,
				ABC678701CF7251400B520A6 /* NSArray+CTNetworkingMethods.m in Sources */,
				ABC678791CF7251400B520A6 /* CTAPIBaseManager.m in Sources */,
				ABC677191CF707C100B520A6 /* TestViewController.m in Sources */,
				ABC678741CF7251400B520A6 /* NSString+CTNetworkingMethods.m in Sources */,
				7518BE5A1E9E321C00322FD6 /* LGBaseAPICommand.m in Sources */,
				75DEBEDF1E9B5EFC000046DC /* CTHTTPConst.m in Sources */,
				ABC678721CF7251400B520A6 /* NSMutableString+CTNetworkingMethods.m in Sources */,
				75DEBEEC1E9B68A2000046DC /* CTNetworkingConfigurationManager.m in Sources */,
				ABC678851CF7251400B520A6 /* CTService.m in Sources */,
				ABC678771CF7251400B520A6 /* CTApiProxy.m in Sources */,
				ABC6787B1CF7251400B520A6 /* CTCachedObject.m in Sources */,
				ABC678761CF7251400B520A6 /* UIDevice+CTNetworkingMethods.m in Sources */,
				ABC678861CF7251400B520A6 /* CTServiceFactory.m in Sources */,
				75DEBEEA1E9B68A2000046DC /* CTLoggerConfiguration.m in Sources */,
				ABC678831CF7251400B520A6 /* CTSignatureGenerator.m in Sources */,
				ABC678811CF7251400B520A6 /* CTCommonParamsGenerator.m in Sources */,
				ABC6787A1CF7251400B520A6 /* CTCache.m in Sources */,
				ABC678821CF7251400B520A6 /* CTRequestGenerator.m in Sources */,
				ABC6787E1CF7251400B520A6 /* CTLogger.m in Sources */,
				ABC678731CF7251400B520A6 /* NSObject+CTNetworkingMethods.m in Sources */,
				ABC678801CF7251400B520A6 /* CTURLResponse.m in Sources */,
				ABC678711CF7251400B520A6 /* NSDictionary+CTNetworkingMethods.m in Sources */,
				ABC678751CF7251400B520A6 /* NSURLRequest+CTNetworkingMethods.m in Sources */,
				ABC6787D1CF7251400B520A6 /* CTLocationManager.m in Sources */,
				ABC678981CF7271000B520A6 /* GDMapService.m in Sources */,
				ABC677161CF707C100B520A6 /* AppDelegate.m in Sources */,
				ABC678271CF7138900B520A6 /* TestCaseFactory.m in Sources */,
				ABC677131CF707C100B520A6 /* main.m in Sources */,
			);
			runOnlyForDeploymentPostprocessing = 0;
		};
/* End PBXSourcesBuildPhase section */

/* Begin PBXVariantGroup section */
		ABC6771A1CF707C100B520A6 /* Main.storyboard */ = {
			isa = PBXVariantGroup;
			children = (
				ABC6771B1CF707C100B520A6 /* Base */,
			);
			name = Main.storyboard;
			sourceTree = "<group>";
		};
		ABC6771F1CF707C100B520A6 /* LaunchScreen.storyboard */ = {
			isa = PBXVariantGroup;
			children = (
				ABC677201CF707C100B520A6 /* Base */,
			);
			name = LaunchScreen.storyboard;
			sourceTree = "<group>";
		};
/* End PBXVariantGroup section */

/* Begin XCBuildConfiguration section */
		ABC677231CF707C100B520A6 /* Debug */ = {
			isa = XCBuildConfiguration;
			buildSettings = {
				ALWAYS_SEARCH_USER_PATHS = NO;
				CLANG_CXX_LANGUAGE_STANDARD = "gnu++0x";
				CLANG_CXX_LIBRARY = "libc++";
				CLANG_ENABLE_MODULES = YES;
				CLANG_ENABLE_OBJC_ARC = YES;
				CLANG_WARN_BOOL_CONVERSION = YES;
				CLANG_WARN_CONSTANT_CONVERSION = YES;
				CLANG_WARN_DIRECT_OBJC_ISA_USAGE = YES_ERROR;
				CLANG_WARN_EMPTY_BODY = YES;
				CLANG_WARN_ENUM_CONVERSION = YES;
				CLANG_WARN_INT_CONVERSION = YES;
				CLANG_WARN_OBJC_ROOT_CLASS = YES_ERROR;
				CLANG_WARN_UNREACHABLE_CODE = YES;
				CLANG_WARN__DUPLICATE_METHOD_MATCH = YES;
				"CODE_SIGN_IDENTITY[sdk=iphoneos*]" = "iPhone Developer";
				COPY_PHASE_STRIP = NO;
				DEBUG_INFORMATION_FORMAT = dwarf;
				ENABLE_STRICT_OBJC_MSGSEND = YES;
				ENABLE_TESTABILITY = YES;
				GCC_C_LANGUAGE_STANDARD = gnu99;
				GCC_DYNAMIC_NO_PIC = NO;
				GCC_NO_COMMON_BLOCKS = YES;
				GCC_OPTIMIZATION_LEVEL = 0;
				GCC_PREPROCESSOR_DEFINITIONS = (
					"DEBUG=1",
					"$(inherited)",
				);
				GCC_WARN_64_TO_32_BIT_CONVERSION = YES;
				GCC_WARN_ABOUT_RETURN_TYPE = YES_ERROR;
				GCC_WARN_UNDECLARED_SELECTOR = YES;
				GCC_WARN_UNINITIALIZED_AUTOS = YES_AGGRESSIVE;
				GCC_WARN_UNUSED_FUNCTION = YES;
				GCC_WARN_UNUSED_VARIABLE = YES;
				IPHONEOS_DEPLOYMENT_TARGET = 9.2;
				MTL_ENABLE_DEBUG_INFO = YES;
				ONLY_ACTIVE_ARCH = YES;
				SDKROOT = iphoneos;
			};
			name = Debug;
		};
		ABC677241CF707C100B520A6 /* Release */ = {
			isa = XCBuildConfiguration;
			buildSettings = {
				ALWAYS_SEARCH_USER_PATHS = NO;
				CLANG_CXX_LANGUAGE_STANDARD = "gnu++0x";
				CLANG_CXX_LIBRARY = "libc++";
				CLANG_ENABLE_MODULES = YES;
				CLANG_ENABLE_OBJC_ARC = YES;
				CLANG_WARN_BOOL_CONVERSION = YES;
				CLANG_WARN_CONSTANT_CONVERSION = YES;
				CLANG_WARN_DIRECT_OBJC_ISA_USAGE = YES_ERROR;
				CLANG_WARN_EMPTY_BODY = YES;
				CLANG_WARN_ENUM_CONVERSION = YES;
				CLANG_WARN_INT_CONVERSION = YES;
				CLANG_WARN_OBJC_ROOT_CLASS = YES_ERROR;
				CLANG_WARN_UNREACHABLE_CODE = YES;
				CLANG_WARN__DUPLICATE_METHOD_MATCH = YES;
				"CODE_SIGN_IDENTITY[sdk=iphoneos*]" = "iPhone Developer";
				COPY_PHASE_STRIP = NO;
				DEBUG_INFORMATION_FORMAT = "dwarf-with-dsym";
				ENABLE_NS_ASSERTIONS = NO;
				ENABLE_STRICT_OBJC_MSGSEND = YES;
				GCC_C_LANGUAGE_STANDARD = gnu99;
				GCC_NO_COMMON_BLOCKS = YES;
				GCC_WARN_64_TO_32_BIT_CONVERSION = YES;
				GCC_WARN_ABOUT_RETURN_TYPE = YES_ERROR;
				GCC_WARN_UNDECLARED_SELECTOR = YES;
				GCC_WARN_UNINITIALIZED_AUTOS = YES_AGGRESSIVE;
				GCC_WARN_UNUSED_FUNCTION = YES;
				GCC_WARN_UNUSED_VARIABLE = YES;
				IPHONEOS_DEPLOYMENT_TARGET = 9.2;
				MTL_ENABLE_DEBUG_INFO = NO;
				SDKROOT = iphoneos;
				VALIDATE_PRODUCT = YES;
			};
			name = Release;
		};
		ABC677261CF707C100B520A6 /* Debug */ = {
			isa = XCBuildConfiguration;
			baseConfigurationReference = 47AEE7F0CEEB2B4E104FE886 /* Pods-CTNetworking.debug.xcconfig */;
			buildSettings = {
				ASSETCATALOG_COMPILER_APPICON_NAME = AppIcon;
				INFOPLIST_FILE = CTNetworking/Info.plist;
				IPHONEOS_DEPLOYMENT_TARGET = 8.0;
				LD_RUNPATH_SEARCH_PATHS = "$(inherited) @executable_path/Frameworks";
				PRODUCT_BUNDLE_IDENTIFIER = me.longfan.CTNetworking;
				PRODUCT_NAME = "$(TARGET_NAME)";
			};
			name = Debug;
		};
		ABC677271CF707C100B520A6 /* Release */ = {
			isa = XCBuildConfiguration;
			baseConfigurationReference = 4ADD3645D6296652217469EC /* Pods-CTNetworking.release.xcconfig */;
			buildSettings = {
				ASSETCATALOG_COMPILER_APPICON_NAME = AppIcon;
				INFOPLIST_FILE = CTNetworking/Info.plist;
				IPHONEOS_DEPLOYMENT_TARGET = 8.0;
				LD_RUNPATH_SEARCH_PATHS = "$(inherited) @executable_path/Frameworks";
				PRODUCT_BUNDLE_IDENTIFIER = me.longfan.CTNetworking;
				PRODUCT_NAME = "$(TARGET_NAME)";
			};
			name = Release;
		};
/* End XCBuildConfiguration section */

/* Begin XCConfigurationList section */
		ABC677091CF707C100B520A6 /* Build configuration list for PBXProject "CTNetworking" */ = {
			isa = XCConfigurationList;
			buildConfigurations = (
				ABC677231CF707C100B520A6 /* Debug */,
				ABC677241CF707C100B520A6 /* Release */,
			);
			defaultConfigurationIsVisible = 0;
			defaultConfigurationName = Release;
		};
		ABC677251CF707C100B520A6 /* Build configuration list for PBXNativeTarget "CTNetworking" */ = {
			isa = XCConfigurationList;
			buildConfigurations = (
				ABC677261CF707C100B520A6 /* Debug */,
				ABC677271CF707C100B520A6 /* Release */,
			);
			defaultConfigurationIsVisible = 0;
			defaultConfigurationName = Release;
		};
/* End XCConfigurationList section */
	};
	rootObject = ABC677061CF707C100B520A6 /* Project object */;
}
